// !$*UTF8*$!
{
	archiveVersion = 1;
	classes = {
	};
	objectVersion = 46;
	objects = {

/* Begin PBXBuildFile section */
		D4BCA7E81C9069FB0087A98D /* AppDelegate.swift in Sources */ = {isa = PBXBuildFile; fileRef = D4BCA7E71C9069FB0087A98D /* AppDelegate.swift */; };
		D4BCA7EA1C9069FB0087A98D /* ViewController.swift in Sources */ = {isa = PBXBuildFile; fileRef = D4BCA7E91C9069FB0087A98D /* ViewController.swift */; };
		D4BCA7EC1C9069FB0087A98D /* Document.swift in Sources */ = {isa = PBXBuildFile; fileRef = D4BCA7EB1C9069FB0087A98D /* Document.swift */; };
		D4BCA7EE1C9069FB0087A98D /* Assets.xcassets in Resources */ = {isa = PBXBuildFile; fileRef = D4BCA7ED1C9069FB0087A98D /* Assets.xcassets */; };
		D4BCA7F11C9069FB0087A98D /* Main.storyboard in Resources */ = {isa = PBXBuildFile; fileRef = D4BCA7EF1C9069FB0087A98D /* Main.storyboard */; };
/* End PBXBuildFile section */

/* Begin PBXFileReference section */
		D4BCA7E41C9069FB0087A98D /* Editor.app */ = {isa = PBXFileReference; explicitFileType = wrapper.application; includeInIndex = 0; path = Editor.app; sourceTree = BUILT_PRODUCTS_DIR; };
		D4BCA7E71C9069FB0087A98D /* AppDelegate.swift */ = {isa = PBXFileReference; lastKnownFileType = sourcecode.swift; path = AppDelegate.swift; sourceTree = "<group>"; };
		D4BCA7E91C9069FB0087A98D /* ViewController.swift */ = {isa = PBXFileReference; lastKnownFileType = sourcecode.swift; path = ViewController.swift; sourceTree = "<group>"; };
		D4BCA7EB1C9069FB0087A98D /* Document.swift */ = {isa = PBXFileReference; lastKnownFileType = sourcecode.swift; path = Document.swift; sourceTree = "<group>"; };
		D4BCA7ED1C9069FB0087A98D /* Assets.xcassets */ = {isa = PBXFileReference; lastKnownFileType = folder.assetcatalog; path = Assets.xcassets; sourceTree = "<group>"; };
		D4BCA7F01C9069FB0087A98D /* Base */ = {isa = PBXFileReference; lastKnownFileType = file.storyboard; name = Base; path = Base.lproj/Main.storyboard; sourceTree = "<group>"; };
		D4BCA7F21C9069FB0087A98D /* Info.plist */ = {isa = PBXFileReference; lastKnownFileType = text.plist.xml; path = Info.plist; sourceTree = "<group>"; };
/* End PBXFileReference section */

/* Begin PBXFrameworksBuildPhase section */
		D4BCA7E11C9069FB0087A98D /* Frameworks */ = {
			isa = PBXFrameworksBuildPhase;
			buildActionMask = 2147483647;
			files = (
			);
			runOnlyForDeploymentPostprocessing = 0;
		};
/* End PBXFrameworksBuildPhase section */

/* Begin PBXGroup section */
		D4BCA7DB1C9069FB0087A98D = {
			isa = PBXGroup;
			children = (
				D4BCA7E61C9069FB0087A98D /* Editor */,
				D4BCA7E51C9069FB0087A98D /* Products */,
			);
			sourceTree = "<group>";
		};
		D4BCA7E51C9069FB0087A98D /* Products */ = {
			isa = PBXGroup;
			children = (
				D4BCA7E41C9069FB0087A98D /* Editor.app */,
			);
			name = Products;
			sourceTree = "<group>";
		};
		D4BCA7E61C9069FB0087A98D /* Editor */ = {
			isa = PBXGroup;
			children = (
				D4BCA7E71C9069FB0087A98D /* AppDelegate.swift */,
				D4BCA7E91C9069FB0087A98D /* ViewController.swift */,
				D4BCA7EB1C9069FB0087A98D /* Document.swift */,
				D4BCA7ED1C9069FB0087A98D /* Assets.xcassets */,
				D4BCA7EF1C9069FB0087A98D /* Main.storyboard */,
				D4BCA7F21C9069FB0087A98D /* Info.plist */,
			);
			path = Editor;
			sourceTree = "<group>";
		};
/* End PBXGroup section */

/* Begin PBXNativeTarget section */
		D4BCA7E31C9069FB0087A98D /* Editor */ = {
			isa = PBXNativeTarget;
			buildConfigurationList = D4BCA7F51C9069FB0087A98D /* Build configuration list for PBXNativeTarget "Editor" */;
			buildPhases = (
				D4BCA7E01C9069FB0087A98D /* Sources */,
				D4BCA7E11C9069FB0087A98D /* Frameworks */,
				D4BCA7E21C9069FB0087A98D /* Resources */,
			);
			buildRules = (
			);
			dependencies = (
			);
			name = Editor;
			productName = Editor;
			productReference = D4BCA7E41C9069FB0087A98D /* Editor.app */;
			productType = "com.apple.product-type.application";
		};
/* End PBXNativeTarget section */

/* Begin PBXProject section */
		D4BCA7DC1C9069FB0087A98D /* Project object */ = {
			isa = PBXProject;
			attributes = {
				LastSwiftUpdateCheck = 0730;
				LastUpgradeCheck = 0730;
				ORGANIZATIONNAME = vist;
				TargetAttributes = {
					D4BCA7E31C9069FB0087A98D = {
						CreatedOnToolsVersion = 7.3;
					};
				};
			};
			buildConfigurationList = D4BCA7DF1C9069FB0087A98D /* Build configuration list for PBXProject "Editor" */;
			compatibilityVersion = "Xcode 3.2";
			developmentRegion = English;
			hasScannedForEncodings = 0;
			knownRegions = (
				en,
				Base,
			);
			mainGroup = D4BCA7DB1C9069FB0087A98D;
			productRefGroup = D4BCA7E51C9069FB0087A98D /* Products */;
			projectDirPath = "";
			projectRoot = "";
			targets = (
				D4BCA7E31C9069FB0087A98D /* Editor */,
			);
		};
/* End PBXProject section */

/* Begin PBXResourcesBuildPhase section */
		D4BCA7E21C9069FB0087A98D /* Resources */ = {
			isa = PBXResourcesBuildPhase;
			buildActionMask = 2147483647;
			files = (
				D4BCA7EE1C9069FB0087A98D /* Assets.xcassets in Resources */,
				D4BCA7F11C9069FB0087A98D /* Main.storyboard in Resources */,
			);
			runOnlyForDeploymentPostprocessing = 0;
		};
/* End PBXResourcesBuildPhase section */

/* Begin PBXSourcesBuildPhase section */
		D4BCA7E01C9069FB0087A98D /* Sources */ = {
			isa = PBXSourcesBuildPhase;
			buildActionMask = 2147483647;
			files = (
				D4BCA7EA1C9069FB0087A98D /* ViewController.swift in Sources */,
				D4BCA7E81C9069FB0087A98D /* AppDelegate.swift in Sources */,
				D4BCA7EC1C9069FB0087A98D /* Document.swift in Sources */,
			);
			runOnlyForDeploymentPostprocessing = 0;
		};
/* End PBXSourcesBuildPhase section */

/* Begin PBXVariantGroup section */
		D4BCA7EF1C9069FB0087A98D /* Main.storyboard */ = {
			isa = PBXVariantGroup;
			children = (
				D4BCA7F01C9069FB0087A98D /* Base */,
			);
			name = Main.storyboard;
			sourceTree = "<group>";
		};
/* End PBXVariantGroup section */

/* Begin XCBuildConfiguration section */
		D4BCA7F31C9069FB0087A98D /* Debug */ = {
			isa = XCBuildConfiguration;
			buildSettings = {
				ALWAYS_SEARCH_USER_PATHS = NO;
				CLANG_ANALYZER_NONNULL = YES;
				CLANG_CXX_LANGUAGE_STANDARD = "gnu++0x";
				CLANG_CXX_LIBRARY = "libc++";
				CLANG_ENABLE_MODULES = YES;
				CLANG_ENABLE_OBJC_ARC = YES;
				CLANG_WARN_BOOL_CONVERSION = YES;
				CLANG_WARN_CONSTANT_CONVERSION = YES;
				CLANG_WARN_DIRECT_OBJC_ISA_USAGE = YES_ERROR;
				CLANG_WARN_EMPTY_BODY = YES;
				CLANG_WARN_ENUM_CONVERSION = YES;
				CLANG_WARN_INT_CONVERSION = YES;
				CLANG_WARN_OBJC_ROOT_CLASS = YES_ERROR;
				CLANG_WARN_UNREACHABLE_CODE = YES;
				CLANG_WARN__DUPLICATE_METHOD_MATCH = YES;
				CODE_SIGN_IDENTITY = "-";
				COPY_PHASE_STRIP = NO;
				DEBUG_INFORMATION_FORMAT = dwarf;
				ENABLE_STRICT_OBJC_MSGSEND = YES;
				ENABLE_TESTABILITY = YES;
				GCC_C_LANGUAGE_STANDARD = gnu99;
				GCC_DYNAMIC_NO_PIC = NO;
				GCC_NO_COMMON_BLOCKS = YES;
				GCC_OPTIMIZATION_LEVEL = 0;
				GCC_PREPROCESSOR_DEFINITIONS = (
					"DEBUG=1",
					"$(inherited)",
				);
				GCC_WARN_64_TO_32_BIT_CONVERSION = YES;
				GCC_WARN_ABOUT_RETURN_TYPE = YES_ERROR;
				GCC_WARN_UNDECLARED_SELECTOR = YES;
				GCC_WARN_UNINITIALIZED_AUTOS = YES_AGGRESSIVE;
				GCC_WARN_UNUSED_FUNCTION = YES;
				GCC_WARN_UNUSED_VARIABLE = YES;
				MACOSX_DEPLOYMENT_TARGET = 10.11;
				MTL_ENABLE_DEBUG_INFO = YES;
				ONLY_ACTIVE_ARCH = YES;
				SDKROOT = macosx;
				SWIFT_OPTIMIZATION_LEVEL = "-Onone";
			};
			name = Debug;
		};
		D4BCA7F41C9069FB0087A98D /* Release */ = {
			isa = XCBuildConfiguration;
			buildSettings = {
				ALWAYS_SEARCH_USER_PATHS = NO;
				CLANG_ANALYZER_NONNULL = YES;
				CLANG_CXX_LANGUAGE_STANDARD = "gnu++0x";
				CLANG_CXX_LIBRARY = "libc++";
				CLANG_ENABLE_MODULES = YES;
				CLANG_ENABLE_OBJC_ARC = YES;
				CLANG_WARN_BOOL_CONVERSION = YES;
				CLANG_WARN_CONSTANT_CONVERSION = YES;
				CLANG_WARN_DIRECT_OBJC_ISA_USAGE = YES_ERROR;
				CLANG_WARN_EMPTY_BODY = YES;
				CLANG_WARN_ENUM_CONVERSION = YES;
				CLANG_WARN_INT_CONVERSION = YES;
				CLANG_WARN_OBJC_ROOT_CLASS = YES_ERROR;
				CLANG_WARN_UNREACHABLE_CODE = YES;
				CLANG_WARN__DUPLICATE_METHOD_MATCH = YES;
				CODE_SIGN_IDENTITY = "-";
				COPY_PHASE_STRIP = NO;
				DEBUG_INFORMATION_FORMAT = "dwarf-with-dsym";
				ENABLE_NS_ASSERTIONS = NO;
				ENABLE_STRICT_OBJC_MSGSEND = YES;
				GCC_C_LANGUAGE_STANDARD = gnu99;
				GCC_NO_COMMON_BLOCKS = YES;
				GCC_WARN_64_TO_32_BIT_CONVERSION = YES;
				GCC_WARN_ABOUT_RETURN_TYPE = YES_ERROR;
				GCC_WARN_UNDECLARED_SELECTOR = YES;
				GCC_WARN_UNINITIALIZED_AUTOS = YES_AGGRESSIVE;
				GCC_WARN_UNUSED_FUNCTION = YES;
				GCC_WARN_UNUSED_VARIABLE = YES;
				MACOSX_DEPLOYMENT_TARGET = 10.11;
				MTL_ENABLE_DEBUG_INFO = NO;
				SDKROOT = macosx;
			};
			name = Release;
		};
		D4BCA7F61C9069FB0087A98D /* Debug */ = {
			isa = XCBuildConfiguration;
			buildSettings = {
				ASSETCATALOG_COMPILER_APPICON_NAME = AppIcon;
				COMBINE_HIDPI_IMAGES = YES;
				INFOPLIST_FILE = Editor/Info.plist;
				LD_RUNPATH_SEARCH_PATHS = "$(inherited) @executable_path/../Frameworks";
				PRODUCT_BUNDLE_IDENTIFIER = "com.vist-lang.Editor";
				PRODUCT_NAME = "$(TARGET_NAME)";
			};
			name = Debug;
		};
		D4BCA7F71C9069FB0087A98D /* Release */ = {
			isa = XCBuildConfiguration;
			buildSettings = {
				ASSETCATALOG_COMPILER_APPICON_NAME = AppIcon;
				COMBINE_HIDPI_IMAGES = YES;
				INFOPLIST_FILE = Editor/Info.plist;
				LD_RUNPATH_SEARCH_PATHS = "$(inherited) @executable_path/../Frameworks";
				PRODUCT_BUNDLE_IDENTIFIER = "com.vist-lang.Editor";
				PRODUCT_NAME = "$(TARGET_NAME)";
			};
			name = Release;
		};
/* End XCBuildConfiguration section */

/* Begin XCConfigurationList section */
		D4BCA7DF1C9069FB0087A98D /* Build configuration list for PBXProject "Editor" */ = {
			isa = XCConfigurationList;
			buildConfigurations = (
				D4BCA7F31C9069FB0087A98D /* Debug */,
				D4BCA7F41C9069FB0087A98D /* Release */,
			);
			defaultConfigurationIsVisible = 0;
			defaultConfigurationName = Release;
		};
		D4BCA7F51C9069FB0087A98D /* Build configuration list for PBXNativeTarget "Editor" */ = {
			isa = XCConfigurationList;
			buildConfigurations = (
				D4BCA7F61C9069FB0087A98D /* Debug */,
				D4BCA7F71C9069FB0087A98D /* Release */,
			);
			defaultConfigurationIsVisible = 0;
		};
/* End XCConfigurationList section */
	};
	rootObject = D4BCA7DC1C9069FB0087A98D /* Project object */;
}
