// !$*UTF8*$!
{
	archiveVersion = 1;
	classes = {
	};
	objectVersion = 46;
	objects = {

/* Begin PBXBuildFile section */
		D40FC4CA1C48323E00122397 /* StdTypes.swift in Sources */ = {isa = PBXBuildFile; fileRef = D40FC4C91C48323E00122397 /* StdTypes.swift */; };
		D40FC4CC1C4932F200122397 /* Initialiser.swift in Sources */ = {isa = PBXBuildFile; fileRef = D40FC4CB1C4932F100122397 /* Initialiser.swift */; };
		D40FC4CE1C4AAB0E00122397 /* Intrinsic.cpp in Sources */ = {isa = PBXBuildFile; fileRef = D40FC4CD1C4AAB0E00122397 /* Intrinsic.cpp */; };
		D41775641C5FA7EF006FD013 /* Error.swift in Sources */ = {isa = PBXBuildFile; fileRef = D41775631C5FA7EF006FD013 /* Error.swift */; };
		D41775651C5FA7EF006FD013 /* Error.swift in Sources */ = {isa = PBXBuildFile; fileRef = D41775631C5FA7EF006FD013 /* Error.swift */; };
		D41BF54D1C5CD797004A1962 /* Tests.swift in Sources */ = {isa = PBXBuildFile; fileRef = D41BF54C1C5CD797004A1962 /* Tests.swift */; };
		D41BF5531C5CD996004A1962 /* CommandLine.swift in Sources */ = {isa = PBXBuildFile; fileRef = D41BF5521C5CD996004A1962 /* CommandLine.swift */; };
		D41BF5551C5CDC8C004A1962 /* TestCases in Resources */ = {isa = PBXBuildFile; fileRef = D41BF5541C5CDC8C004A1962 /* TestCases */; };
		D431F4C31C55743C005D439F /* StdLibInline.cpp in Sources */ = {isa = PBXBuildFile; fileRef = D431F4C11C55743C005D439F /* StdLibInline.cpp */; };
		D4328DC71C7080AE00AEF56B /* LLVMPtrWrapper.swift in Sources */ = {isa = PBXBuildFile; fileRef = D4328DC61C7080AE00AEF56B /* LLVMPtrWrapper.swift */; };
		D4328DC81C7080AE00AEF56B /* LLVMPtrWrapper.swift in Sources */ = {isa = PBXBuildFile; fileRef = D4328DC61C7080AE00AEF56B /* LLVMPtrWrapper.swift */; };
		D45D4CF51C7151D900918E04 /* GenericVariable.swift in Sources */ = {isa = PBXBuildFile; fileRef = D45D4CF41C7151D900918E04 /* GenericVariable.swift */; };
		D45D4CF61C7151D900918E04 /* GenericVariable.swift in Sources */ = {isa = PBXBuildFile; fileRef = D45D4CF41C7151D900918E04 /* GenericVariable.swift */; };
		D45D4CF81C73962F00918E04 /* StorageType.swift in Sources */ = {isa = PBXBuildFile; fileRef = D45D4CF71C73962F00918E04 /* StorageType.swift */; };
		D45D4CF91C73962F00918E04 /* StorageType.swift in Sources */ = {isa = PBXBuildFile; fileRef = D45D4CF71C73962F00918E04 /* StorageType.swift */; };
		D45D4D001C75CB4F00918E04 /* IRMetadata.swift in Sources */ = {isa = PBXBuildFile; fileRef = D45D4CFF1C75CB4E00918E04 /* IRMetadata.swift */; };
		D45D4D011C75CB4F00918E04 /* IRMetadata.swift in Sources */ = {isa = PBXBuildFile; fileRef = D45D4CFF1C75CB4E00918E04 /* IRMetadata.swift */; };
		D46BC1BD1C66587300B9147E /* ScopeNode.swift in Sources */ = {isa = PBXBuildFile; fileRef = D46BC1BC1C66587300B9147E /* ScopeNode.swift */; };
		D46BC1BE1C66587300B9147E /* ScopeNode.swift in Sources */ = {isa = PBXBuildFile; fileRef = D46BC1BC1C66587300B9147E /* ScopeNode.swift */; };
		D46BC1C01C6685C500B9147E /* DefinedType.swift in Sources */ = {isa = PBXBuildFile; fileRef = D46BC1BF1C6685C500B9147E /* DefinedType.swift */; };
		D46BC1C11C6685C500B9147E /* DefinedType.swift in Sources */ = {isa = PBXBuildFile; fileRef = D46BC1BF1C6685C500B9147E /* DefinedType.swift */; };
		D470D7AE1C56A98100791B40 /* Optimiser.cpp in Sources */ = {isa = PBXBuildFile; fileRef = D470D7AC1C56A98100791B40 /* Optimiser.cpp */; };
		D47802AC1C5FAEA500D2FA9C /* ParseError.swift in Sources */ = {isa = PBXBuildFile; fileRef = D47802AB1C5FAEA500D2FA9C /* ParseError.swift */; };
		D47802AD1C5FAEA800D2FA9C /* ParseError.swift in Sources */ = {isa = PBXBuildFile; fileRef = D47802AB1C5FAEA500D2FA9C /* ParseError.swift */; };
		D497A76B1C3B003A00DFE39E /* Compile.swift in Sources */ = {isa = PBXBuildFile; fileRef = D497A7691C3B003A00DFE39E /* Compile.swift */; };
		D497A76C1C3B003A00DFE39E /* main.swift in Sources */ = {isa = PBXBuildFile; fileRef = D497A76A1C3B003A00DFE39E /* main.swift */; };
		D497A76F1C3B005600DFE39E /* Lexer.swift in Sources */ = {isa = PBXBuildFile; fileRef = D497A76D1C3B005600DFE39E /* Lexer.swift */; };
		D497A7701C3B005600DFE39E /* Token.swift in Sources */ = {isa = PBXBuildFile; fileRef = D497A76E1C3B005600DFE39E /* Token.swift */; };
		D497A77B1C3B00C600DFE39E /* Mangle.swift in Sources */ = {isa = PBXBuildFile; fileRef = D497A7751C3B00C600DFE39E /* Mangle.swift */; };
		D497A77C1C3B00C600DFE39E /* SemaError.swift in Sources */ = {isa = PBXBuildFile; fileRef = D497A7761C3B00C600DFE39E /* SemaError.swift */; };
		D497A77D1C3B00C600DFE39E /* SemaScope.swift in Sources */ = {isa = PBXBuildFile; fileRef = D497A7771C3B00C600DFE39E /* SemaScope.swift */; };
		D497A77E1C3B00C600DFE39E /* SemaTypeCheck.swift in Sources */ = {isa = PBXBuildFile; fileRef = D497A7781C3B00C600DFE39E /* SemaTypeCheck.swift */; };
		D497A7801C3B00C600DFE39E /* TypeProvider.swift in Sources */ = {isa = PBXBuildFile; fileRef = D497A77A1C3B00C600DFE39E /* TypeProvider.swift */; };
		D497A7831C3B00FE00DFE39E /* ASTInterface.swift in Sources */ = {isa = PBXBuildFile; fileRef = D497A7811C3B00FE00DFE39E /* ASTInterface.swift */; };
		D497A7841C3B00FE00DFE39E /* LinkAST.swift in Sources */ = {isa = PBXBuildFile; fileRef = D497A7821C3B00FE00DFE39E /* LinkAST.swift */; };
		D497A78A1C3B012700DFE39E /* ArrayVariable.swift in Sources */ = {isa = PBXBuildFile; fileRef = D497A7851C3B012700DFE39E /* ArrayVariable.swift */; };
		D497A78B1C3B012700DFE39E /* IRGen.swift in Sources */ = {isa = PBXBuildFile; fileRef = D497A7861C3B012700DFE39E /* IRGen.swift */; };
		D497A78C1C3B012700DFE39E /* RuntimeVariable.swift in Sources */ = {isa = PBXBuildFile; fileRef = D497A7871C3B012700DFE39E /* RuntimeVariable.swift */; };
		D497A78D1C3B012700DFE39E /* StackFrame.swift in Sources */ = {isa = PBXBuildFile; fileRef = D497A7881C3B012700DFE39E /* StackFrame.swift */; };
		D497A78E1C3B012700DFE39E /* StorageVariable.swift in Sources */ = {isa = PBXBuildFile; fileRef = D497A7891C3B012700DFE39E /* StorageVariable.swift */; };
		D497A7921C3B015700DFE39E /* Config.swift in Sources */ = {isa = PBXBuildFile; fileRef = D497A78F1C3B015700DFE39E /* Config.swift */; };
		D497A7931C3B015700DFE39E /* LinkRuntime.swift in Sources */ = {isa = PBXBuildFile; fileRef = D497A7901C3B015700DFE39E /* LinkRuntime.swift */; };
		D497A7941C3B015700DFE39E /* Print.swift in Sources */ = {isa = PBXBuildFile; fileRef = D497A7911C3B015700DFE39E /* Print.swift */; };
		D4A2CBFF1C4FF52400BB9A12 /* Decl.swift in Sources */ = {isa = PBXBuildFile; fileRef = D4A2CBFC1C4FF52400BB9A12 /* Decl.swift */; };
		D4A2CC001C4FF52400BB9A12 /* Expr.swift in Sources */ = {isa = PBXBuildFile; fileRef = D4A2CBFD1C4FF52400BB9A12 /* Expr.swift */; };
		D4A2CC011C4FF52400BB9A12 /* Stmt.swift in Sources */ = {isa = PBXBuildFile; fileRef = D4A2CBFE1C4FF52400BB9A12 /* Stmt.swift */; };
		D4A2CC031C4FF52D00BB9A12 /* Parser.swift in Sources */ = {isa = PBXBuildFile; fileRef = D4A2CC021C4FF52D00BB9A12 /* Parser.swift */; };
		D4A2CC0A1C4FF56500BB9A12 /* ASTNode.swift in Sources */ = {isa = PBXBuildFile; fileRef = D4A2CC041C4FF56500BB9A12 /* ASTNode.swift */; };
		D4A2CC0B1C4FF56500BB9A12 /* BuiltinType.swift in Sources */ = {isa = PBXBuildFile; fileRef = D4A2CC051C4FF56500BB9A12 /* BuiltinType.swift */; };
		D4A2CC0C1C4FF56500BB9A12 /* FnType.swift in Sources */ = {isa = PBXBuildFile; fileRef = D4A2CC061C4FF56500BB9A12 /* FnType.swift */; };
		D4A2CC0D1C4FF56500BB9A12 /* StructType.swift in Sources */ = {isa = PBXBuildFile; fileRef = D4A2CC071C4FF56500BB9A12 /* StructType.swift */; };
		D4A2CC0E1C4FF56500BB9A12 /* TupleType.swift in Sources */ = {isa = PBXBuildFile; fileRef = D4A2CC081C4FF56500BB9A12 /* TupleType.swift */; };
		D4A2CC0F1C4FF56500BB9A12 /* Ty.swift in Sources */ = {isa = PBXBuildFile; fileRef = D4A2CC091C4FF56500BB9A12 /* Ty.swift */; };
		D4A2CC111C4FF58C00BB9A12 /* Builtin.swift in Sources */ = {isa = PBXBuildFile; fileRef = D4A2CC101C4FF58C00BB9A12 /* Builtin.swift */; };
		D4A2CC131C503D1800BB9A12 /* StdLib.swift in Sources */ = {isa = PBXBuildFile; fileRef = D4A2CC121C503D1800BB9A12 /* StdLib.swift */; };
		D4C697E01C6A5C9200645AD1 /* ConceptType.swift in Sources */ = {isa = PBXBuildFile; fileRef = D4C697DF1C6A5C9200645AD1 /* ConceptType.swift */; };
		D4C697E11C6A5C9200645AD1 /* ConceptType.swift in Sources */ = {isa = PBXBuildFile; fileRef = D4C697DF1C6A5C9200645AD1 /* ConceptType.swift */; };
		D4C697E31C6AB80E00645AD1 /* ExistentialVariable.swift in Sources */ = {isa = PBXBuildFile; fileRef = D4C697E21C6AB80E00645AD1 /* ExistentialVariable.swift */; };
		D4C697E41C6AB80E00645AD1 /* ExistentialVariable.swift in Sources */ = {isa = PBXBuildFile; fileRef = D4C697E21C6AB80E00645AD1 /* ExistentialVariable.swift */; };
		D4C697EA1C6B7F4E00645AD1 /* CreateType.cpp in Sources */ = {isa = PBXBuildFile; fileRef = D4C697E81C6B7F4E00645AD1 /* CreateType.cpp */; };
		D4C697EB1C6B7F4E00645AD1 /* CreateType.cpp in Sources */ = {isa = PBXBuildFile; fileRef = D4C697E81C6B7F4E00645AD1 /* CreateType.cpp */; };
		D4D76EA11C69EA200037D93D /* GenericType.swift in Sources */ = {isa = PBXBuildFile; fileRef = D4D76EA01C69EA200037D93D /* GenericType.swift */; };
		D4D76EA21C69EA200037D93D /* GenericType.swift in Sources */ = {isa = PBXBuildFile; fileRef = D4D76EA01C69EA200037D93D /* GenericType.swift */; };
		D4DE28141C5906830096E798 /* FunctionContainer.swift in Sources */ = {isa = PBXBuildFile; fileRef = D4DE28131C5906830096E798 /* FunctionContainer.swift */; };
		D4DE28191C5969830096E798 /* libz.tbd in Frameworks */ = {isa = PBXBuildFile; fileRef = D4DE28181C5969830096E798 /* libz.tbd */; };
		D4DE281C1C596B250096E798 /* Assemble.cpp in Sources */ = {isa = PBXBuildFile; fileRef = D4DE281A1C596B250096E798 /* Assemble.cpp */; };
		D4DE281F1C596BFE0096E798 /* TargetMachine.cpp in Sources */ = {isa = PBXBuildFile; fileRef = D4DE281D1C596BFE0096E798 /* TargetMachine.cpp */; };
		D4DFFD571C7E1B9A001C677E /* IRFunction.swift in Sources */ = {isa = PBXBuildFile; fileRef = D4DFFD561C7E1B9A001C677E /* IRFunction.swift */; };
		D4DFFD581C7E1B9A001C677E /* IRFunction.swift in Sources */ = {isa = PBXBuildFile; fileRef = D4DFFD561C7E1B9A001C677E /* IRFunction.swift */; };
		D4E347241C6253D700CC2F8E /* ExprSema.swift in Sources */ = {isa = PBXBuildFile; fileRef = D4E347231C6253D700CC2F8E /* ExprSema.swift */; };
		D4E347251C6253D700CC2F8E /* ExprSema.swift in Sources */ = {isa = PBXBuildFile; fileRef = D4E347231C6253D700CC2F8E /* ExprSema.swift */; };
		D4E347271C62545400CC2F8E /* FunctionSema.swift in Sources */ = {isa = PBXBuildFile; fileRef = D4E347261C62545400CC2F8E /* FunctionSema.swift */; };
		D4E347281C62545400CC2F8E /* FunctionSema.swift in Sources */ = {isa = PBXBuildFile; fileRef = D4E347261C62545400CC2F8E /* FunctionSema.swift */; };
		D4E3472B1C62550D00CC2F8E /* StructSema.swift in Sources */ = {isa = PBXBuildFile; fileRef = D4E3472A1C62550D00CC2F8E /* StructSema.swift */; };
		D4E3472C1C62550D00CC2F8E /* StructSema.swift in Sources */ = {isa = PBXBuildFile; fileRef = D4E3472A1C62550D00CC2F8E /* StructSema.swift */; };
		D4E3472E1C62552B00CC2F8E /* StmtSema.swift in Sources */ = {isa = PBXBuildFile; fileRef = D4E3472D1C62552B00CC2F8E /* StmtSema.swift */; };
		D4E3472F1C62552B00CC2F8E /* StmtSema.swift in Sources */ = {isa = PBXBuildFile; fileRef = D4E3472D1C62552B00CC2F8E /* StmtSema.swift */; };
		D4E35B4E1C5D0CA000683486 /* main.swift in Sources */ = {isa = PBXBuildFile; fileRef = D497A76A1C3B003A00DFE39E /* main.swift */; };
		D4E35B4F1C5D0CA000683486 /* CommandLine.swift in Sources */ = {isa = PBXBuildFile; fileRef = D41BF5521C5CD996004A1962 /* CommandLine.swift */; };
		D4E35B501C5D0CA000683486 /* Compile.swift in Sources */ = {isa = PBXBuildFile; fileRef = D497A7691C3B003A00DFE39E /* Compile.swift */; };
		D4E35B521C5D0CA000683486 /* Assemble.cpp in Sources */ = {isa = PBXBuildFile; fileRef = D4DE281A1C596B250096E798 /* Assemble.cpp */; };
		D4E35B541C5D0CA000683486 /* TargetMachine.cpp in Sources */ = {isa = PBXBuildFile; fileRef = D4DE281D1C596BFE0096E798 /* TargetMachine.cpp */; };
		D4E35B551C5D0CA000683486 /* Lexer.swift in Sources */ = {isa = PBXBuildFile; fileRef = D497A76D1C3B005600DFE39E /* Lexer.swift */; };
		D4E35B561C5D0CA000683486 /* Token.swift in Sources */ = {isa = PBXBuildFile; fileRef = D497A76E1C3B005600DFE39E /* Token.swift */; };
		D4E35B571C5D0CA000683486 /* Parser.swift in Sources */ = {isa = PBXBuildFile; fileRef = D4A2CC021C4FF52D00BB9A12 /* Parser.swift */; };
		D4E35B581C5D0CA000683486 /* ASTNode.swift in Sources */ = {isa = PBXBuildFile; fileRef = D4A2CC041C4FF56500BB9A12 /* ASTNode.swift */; };
		D4E35B591C5D0CA000683486 /* Expr.swift in Sources */ = {isa = PBXBuildFile; fileRef = D4A2CBFD1C4FF52400BB9A12 /* Expr.swift */; };
		D4E35B5A1C5D0CA000683486 /* Stmt.swift in Sources */ = {isa = PBXBuildFile; fileRef = D4A2CBFE1C4FF52400BB9A12 /* Stmt.swift */; };
		D4E35B5B1C5D0CA000683486 /* Decl.swift in Sources */ = {isa = PBXBuildFile; fileRef = D4A2CBFC1C4FF52400BB9A12 /* Decl.swift */; };
		D4E35B5C1C5D0CA000683486 /* Ty.swift in Sources */ = {isa = PBXBuildFile; fileRef = D4A2CC091C4FF56500BB9A12 /* Ty.swift */; };
		D4E35B5D1C5D0CA000683486 /* BuiltinType.swift in Sources */ = {isa = PBXBuildFile; fileRef = D4A2CC051C4FF56500BB9A12 /* BuiltinType.swift */; };
		D4E35B5E1C5D0CA000683486 /* FnType.swift in Sources */ = {isa = PBXBuildFile; fileRef = D4A2CC061C4FF56500BB9A12 /* FnType.swift */; };
		D4E35B5F1C5D0CA000683486 /* StructType.swift in Sources */ = {isa = PBXBuildFile; fileRef = D4A2CC071C4FF56500BB9A12 /* StructType.swift */; };
		D4E35B601C5D0CA000683486 /* TupleType.swift in Sources */ = {isa = PBXBuildFile; fileRef = D4A2CC081C4FF56500BB9A12 /* TupleType.swift */; };
		D4E35B611C5D0CA000683486 /* FunctionContainer.swift in Sources */ = {isa = PBXBuildFile; fileRef = D4DE28131C5906830096E798 /* FunctionContainer.swift */; };
		D4E35B621C5D0CA000683486 /* Builtin.swift in Sources */ = {isa = PBXBuildFile; fileRef = D4A2CC101C4FF58C00BB9A12 /* Builtin.swift */; };
		D4E35B631C5D0CA000683486 /* StdLib.swift in Sources */ = {isa = PBXBuildFile; fileRef = D4A2CC121C503D1800BB9A12 /* StdLib.swift */; };
		D4E35B641C5D0CA000683486 /* SemaError.swift in Sources */ = {isa = PBXBuildFile; fileRef = D497A7761C3B00C600DFE39E /* SemaError.swift */; };
		D4E35B651C5D0CA000683486 /* SemaTypeCheck.swift in Sources */ = {isa = PBXBuildFile; fileRef = D497A7781C3B00C600DFE39E /* SemaTypeCheck.swift */; };
		D4E35B661C5D0CA000683486 /* SemaScope.swift in Sources */ = {isa = PBXBuildFile; fileRef = D497A7771C3B00C600DFE39E /* SemaScope.swift */; };
		D4E35B671C5D0CA000683486 /* Mangle.swift in Sources */ = {isa = PBXBuildFile; fileRef = D497A7751C3B00C600DFE39E /* Mangle.swift */; };
		D4E35B681C5D0CA000683486 /* Initialiser.swift in Sources */ = {isa = PBXBuildFile; fileRef = D40FC4CB1C4932F100122397 /* Initialiser.swift */; };
		D4E35B691C5D0CA000683486 /* TypeProvider.swift in Sources */ = {isa = PBXBuildFile; fileRef = D497A77A1C3B00C600DFE39E /* TypeProvider.swift */; };
		D4E35B6A1C5D0CA000683486 /* ASTInterface.swift in Sources */ = {isa = PBXBuildFile; fileRef = D497A7811C3B00FE00DFE39E /* ASTInterface.swift */; };
		D4E35B6B1C5D0CA000683486 /* LinkAST.swift in Sources */ = {isa = PBXBuildFile; fileRef = D497A7821C3B00FE00DFE39E /* LinkAST.swift */; };
		D4E35B6C1C5D0CA000683486 /* IRGen.swift in Sources */ = {isa = PBXBuildFile; fileRef = D497A7861C3B012700DFE39E /* IRGen.swift */; };
		D4E35B6D1C5D0CA000683486 /* StackFrame.swift in Sources */ = {isa = PBXBuildFile; fileRef = D497A7881C3B012700DFE39E /* StackFrame.swift */; };
		D4E35B6E1C5D0CA000683486 /* RuntimeVariable.swift in Sources */ = {isa = PBXBuildFile; fileRef = D497A7871C3B012700DFE39E /* RuntimeVariable.swift */; };
		D4E35B6F1C5D0CA000683486 /* ArrayVariable.swift in Sources */ = {isa = PBXBuildFile; fileRef = D497A7851C3B012700DFE39E /* ArrayVariable.swift */; };
		D4E35B701C5D0CA000683486 /* StorageVariable.swift in Sources */ = {isa = PBXBuildFile; fileRef = D497A7891C3B012700DFE39E /* StorageVariable.swift */; };
		D4E35B711C5D0CA000683486 /* BuiltinFunction.swift in Sources */ = {isa = PBXBuildFile; fileRef = D4FAE45B1C3DCEEE00C9EE05 /* BuiltinFunction.swift */; };
		D4E35B731C5D0CA000683486 /* Intrinsic.cpp in Sources */ = {isa = PBXBuildFile; fileRef = D40FC4CD1C4AAB0E00122397 /* Intrinsic.cpp */; };
		D4E35B741C5D0CA000683486 /* StdTypes.swift in Sources */ = {isa = PBXBuildFile; fileRef = D40FC4C91C48323E00122397 /* StdTypes.swift */; };
		D4E35B751C5D0CA000683486 /* FunctionAttribute.swift in Sources */ = {isa = PBXBuildFile; fileRef = D4FAE45D1C3DDE3100C9EE05 /* FunctionAttribute.swift */; };
		D4E35B771C5D0CA000683486 /* Optimiser.cpp in Sources */ = {isa = PBXBuildFile; fileRef = D470D7AC1C56A98100791B40 /* Optimiser.cpp */; };
		D4E35B791C5D0CA000683486 /* StdLibInline.cpp in Sources */ = {isa = PBXBuildFile; fileRef = D431F4C11C55743C005D439F /* StdLibInline.cpp */; };
		D4E35B7A1C5D0CA000683486 /* LinkRuntime.swift in Sources */ = {isa = PBXBuildFile; fileRef = D497A7901C3B015700DFE39E /* LinkRuntime.swift */; };
		D4E35B7B1C5D0E5A00683486 /* Print.swift in Sources */ = {isa = PBXBuildFile; fileRef = D497A7911C3B015700DFE39E /* Print.swift */; };
		D4E35B7C1C5D0E7100683486 /* Config.swift in Sources */ = {isa = PBXBuildFile; fileRef = D497A78F1C3B015700DFE39E /* Config.swift */; };
		D4E35B7D1C5D0F0700683486 /* libz.tbd in Frameworks */ = {isa = PBXBuildFile; fileRef = D4DE28181C5969830096E798 /* libz.tbd */; };
		D4E35B7F1C5D216600683486 /* Pipe.swift in Sources */ = {isa = PBXBuildFile; fileRef = D4E35B7E1C5D216600683486 /* Pipe.swift */; };
		D4E35B821C5E3ECE00683486 /* Expected.swift in Sources */ = {isa = PBXBuildFile; fileRef = D4E35B801C5E3EC600683486 /* Expected.swift */; };
		D4FAE45C1C3DCEEE00C9EE05 /* BuiltinFunction.swift in Sources */ = {isa = PBXBuildFile; fileRef = D4FAE45B1C3DCEEE00C9EE05 /* BuiltinFunction.swift */; };
		D4FAE45E1C3DDE3100C9EE05 /* FunctionAttribute.swift in Sources */ = {isa = PBXBuildFile; fileRef = D4FAE45D1C3DDE3100C9EE05 /* FunctionAttribute.swift */; };
		D4FC9D181C5FEE4E0031F1BD /* IRError.swift in Sources */ = {isa = PBXBuildFile; fileRef = D4FC9D171C5FEE4E0031F1BD /* IRError.swift */; };
		D4FC9D191C5FEE4E0031F1BD /* IRError.swift in Sources */ = {isa = PBXBuildFile; fileRef = D4FC9D171C5FEE4E0031F1BD /* IRError.swift */; };
/* End PBXBuildFile section */

/* Begin PBXContainerItemProxy section */
		D4E35B4C1C5D0C0700683486 /* PBXContainerItemProxy */ = {
			isa = PBXContainerItemProxy;
			containerPortal = D47FF0721B812052003F9920 /* Project object */;
			proxyType = 1;
			remoteGlobalIDString = D47FF0791B812052003F9920;
			remoteInfo = vist;
		};
/* End PBXContainerItemProxy section */

/* Begin PBXCopyFilesBuildPhase section */
		D47FF0781B812052003F9920 /* Copy Files */ = {
			isa = PBXCopyFilesBuildPhase;
			buildActionMask = 2147483647;
			dstPath = /usr/share/man/man1;
			dstSubfolderSpec = 0;
			files = (
			);
			name = "Copy Files";
			runOnlyForDeploymentPostprocessing = 1;
		};
/* End PBXCopyFilesBuildPhase section */

/* Begin PBXFileReference section */
		D40FC4C91C48323E00122397 /* StdTypes.swift */ = {isa = PBXFileReference; fileEncoding = 4; lastKnownFileType = sourcecode.swift; name = StdTypes.swift; path = IRGen/StdTypes.swift; sourceTree = "<group>"; };
		D40FC4CB1C4932F100122397 /* Initialiser.swift */ = {isa = PBXFileReference; fileEncoding = 4; lastKnownFileType = sourcecode.swift; name = Initialiser.swift; path = Sema/Initialiser.swift; sourceTree = "<group>"; };
		D40FC4CD1C4AAB0E00122397 /* Intrinsic.cpp */ = {isa = PBXFileReference; fileEncoding = 4; lastKnownFileType = sourcecode.cpp.cpp; name = Intrinsic.cpp; path = Helper/Intrinsic.cpp; sourceTree = "<group>"; };
		D40FC4CF1C4AAB2800122397 /* Intrinsic.hpp */ = {isa = PBXFileReference; lastKnownFileType = sourcecode.cpp.h; name = Intrinsic.hpp; path = Helper/Intrinsic.hpp; sourceTree = "<group>"; };
		D40FC4D01C4AAB7C00122397 /* LLVM.h */ = {isa = PBXFileReference; lastKnownFileType = sourcecode.c.h; name = LLVM.h; path = Helper/LLVM.h; sourceTree = "<group>"; };
		D41775631C5FA7EF006FD013 /* Error.swift */ = {isa = PBXFileReference; fileEncoding = 4; lastKnownFileType = sourcecode.swift; name = Error.swift; path = Helper/Error.swift; sourceTree = "<group>"; };
		D41BF54A1C5CD797004A1962 /* Tests.xctest */ = {isa = PBXFileReference; explicitFileType = wrapper.cfbundle; includeInIndex = 0; path = Tests.xctest; sourceTree = BUILT_PRODUCTS_DIR; };
		D41BF54C1C5CD797004A1962 /* Tests.swift */ = {isa = PBXFileReference; lastKnownFileType = sourcecode.swift; path = Tests.swift; sourceTree = "<group>"; };
		D41BF54E1C5CD797004A1962 /* Info.plist */ = {isa = PBXFileReference; lastKnownFileType = text.plist.xml; path = Info.plist; sourceTree = "<group>"; };
		D41BF5521C5CD996004A1962 /* CommandLine.swift */ = {isa = PBXFileReference; fileEncoding = 4; lastKnownFileType = sourcecode.swift; name = CommandLine.swift; path = Pipeline/CommandLine.swift; sourceTree = "<group>"; };
		D41BF5541C5CDC8C004A1962 /* TestCases */ = {isa = PBXFileReference; lastKnownFileType = folder; path = TestCases; sourceTree = "<group>"; };
		D431F4C11C55743C005D439F /* StdLibInline.cpp */ = {isa = PBXFileReference; fileEncoding = 4; lastKnownFileType = sourcecode.cpp.cpp; name = StdLibInline.cpp; path = Optimiser/StdLibInline.cpp; sourceTree = "<group>"; };
		D431F4C21C55743C005D439F /* StdLibInline.hpp */ = {isa = PBXFileReference; fileEncoding = 4; lastKnownFileType = sourcecode.cpp.h; name = StdLibInline.hpp; path = Optimiser/StdLibInline.hpp; sourceTree = "<group>"; };
		D4328DC61C7080AE00AEF56B /* LLVMPtrWrapper.swift */ = {isa = PBXFileReference; fileEncoding = 4; lastKnownFileType = sourcecode.swift; name = LLVMPtrWrapper.swift; path = IRGen/LLVMPtrWrapper.swift; sourceTree = "<group>"; };
		D43DF1EC1C5540AF0049EC2F /* stdlib_.ll */ = {isa = PBXFileReference; lastKnownFileType = sourcecode.asm.llvm; name = stdlib_.ll; path = stdlib/stdlib_.ll; sourceTree = "<group>"; xcLanguageSpecificationIdentifier = xcode.lang.simpleColoring; };
		D45D4CF41C7151D900918E04 /* GenericVariable.swift */ = {isa = PBXFileReference; fileEncoding = 4; lastKnownFileType = sourcecode.swift; name = GenericVariable.swift; path = IRGen/GenericVariable.swift; sourceTree = "<group>"; };
		D45D4CF71C73962F00918E04 /* StorageType.swift */ = {isa = PBXFileReference; fileEncoding = 4; lastKnownFileType = sourcecode.swift; name = StorageType.swift; path = AST/StorageType.swift; sourceTree = "<group>"; };
		D45D4CFE1C74F5E400918E04 /* stdlib.bc */ = {isa = PBXFileReference; lastKnownFileType = file; name = stdlib.bc; path = stdlib/stdlib.bc; sourceTree = "<group>"; };
		D45D4CFF1C75CB4E00918E04 /* IRMetadata.swift */ = {isa = PBXFileReference; fileEncoding = 4; lastKnownFileType = sourcecode.swift; name = IRMetadata.swift; path = IRGen/IRMetadata.swift; sourceTree = "<group>"; };
		D4644BE31C40619800364B99 /* stdlib.ll */ = {isa = PBXFileReference; lastKnownFileType = sourcecode.asm.llvm; name = stdlib.ll; path = stdlib/stdlib.ll; sourceTree = "<group>"; xcLanguageSpecificationIdentifier = xcode.lang.simpleColoring; };
		D4644BE51C40619800364B99 /* stdlib.vist */ = {isa = PBXFileReference; lastKnownFileType = text; name = stdlib.vist; path = stdlib/stdlib.vist; sourceTree = "<group>"; xcLanguageSpecificationIdentifier = xcode.lang.simpleColoring; };
		D4644BE61C4072D600364B99 /* runtime.cpp */ = {isa = PBXFileReference; lastKnownFileType = sourcecode.cpp.cpp; name = runtime.cpp; path = Runtime/runtime.cpp; sourceTree = "<group>"; };
		D46BC1BC1C66587300B9147E /* ScopeNode.swift */ = {isa = PBXFileReference; fileEncoding = 4; lastKnownFileType = sourcecode.swift; name = ScopeNode.swift; path = AST/ScopeNode.swift; sourceTree = "<group>"; };
		D46BC1BF1C6685C500B9147E /* DefinedType.swift */ = {isa = PBXFileReference; fileEncoding = 4; lastKnownFileType = sourcecode.swift; name = DefinedType.swift; path = AST/DefinedType.swift; sourceTree = "<group>"; };
		D470D7AC1C56A98100791B40 /* Optimiser.cpp */ = {isa = PBXFileReference; fileEncoding = 4; lastKnownFileType = sourcecode.cpp.cpp; name = Optimiser.cpp; path = Optimiser/Optimiser.cpp; sourceTree = "<group>"; };
		D470D7AD1C56A98100791B40 /* Optimiser.hpp */ = {isa = PBXFileReference; fileEncoding = 4; lastKnownFileType = sourcecode.cpp.h; name = Optimiser.hpp; path = Optimiser/Optimiser.hpp; sourceTree = "<group>"; };
		D47802AB1C5FAEA500D2FA9C /* ParseError.swift */ = {isa = PBXFileReference; fileEncoding = 4; lastKnownFileType = sourcecode.swift; name = ParseError.swift; path = AST/ParseError.swift; sourceTree = "<group>"; };
		D47E66581B88D9A20051D586 /* README.md */ = {isa = PBXFileReference; fileEncoding = 4; lastKnownFileType = net.daringfireball.markdown; path = README.md; sourceTree = "<group>"; };
		D47FF07A1B812052003F9920 /* vist */ = {isa = PBXFileReference; explicitFileType = "compiled.mach-o.executable"; includeInIndex = 0; path = vist; sourceTree = BUILT_PRODUCTS_DIR; };
		D4851F491C28A0820009233E /* example_.ll */ = {isa = PBXFileReference; lastKnownFileType = sourcecode.asm.llvm; name = example_.ll; path = RUN/example_.ll; sourceTree = "<group>"; xcLanguageSpecificationIdentifier = xcode.lang.asm.ppc; };
		D4851F4A1C28A08A0009233E /* example.s */ = {isa = PBXFileReference; lastKnownFileType = sourcecode.asm; name = example.s; path = RUN/example.s; sourceTree = "<group>"; };
		D489F3BD1C1E392D00254FFC /* example.vist */ = {isa = PBXFileReference; lastKnownFileType = text; name = example.vist; path = RUN/example.vist; sourceTree = "<group>"; xcLanguageSpecificationIdentifier = xcode.lang.simpleColoring; };
		D489F3C01C1E396E00254FFC /* example */ = {isa = PBXFileReference; lastKnownFileType = "compiled.mach-o.executable"; name = example; path = RUN/example; sourceTree = "<group>"; };
		D497A7691C3B003A00DFE39E /* Compile.swift */ = {isa = PBXFileReference; fileEncoding = 4; lastKnownFileType = sourcecode.swift; name = Compile.swift; path = Pipeline/Compile.swift; sourceTree = "<group>"; };
		D497A76A1C3B003A00DFE39E /* main.swift */ = {isa = PBXFileReference; fileEncoding = 4; lastKnownFileType = sourcecode.swift; name = main.swift; path = Pipeline/main.swift; sourceTree = "<group>"; };
		D497A76D1C3B005600DFE39E /* Lexer.swift */ = {isa = PBXFileReference; fileEncoding = 4; lastKnownFileType = sourcecode.swift; name = Lexer.swift; path = Lexer/Lexer.swift; sourceTree = "<group>"; };
		D497A76E1C3B005600DFE39E /* Token.swift */ = {isa = PBXFileReference; fileEncoding = 4; lastKnownFileType = sourcecode.swift; name = Token.swift; path = Lexer/Token.swift; sourceTree = "<group>"; };
		D497A7751C3B00C600DFE39E /* Mangle.swift */ = {isa = PBXFileReference; fileEncoding = 4; lastKnownFileType = sourcecode.swift; name = Mangle.swift; path = Sema/Mangle.swift; sourceTree = "<group>"; };
		D497A7761C3B00C600DFE39E /* SemaError.swift */ = {isa = PBXFileReference; fileEncoding = 4; lastKnownFileType = sourcecode.swift; name = SemaError.swift; path = Sema/SemaError.swift; sourceTree = "<group>"; };
		D497A7771C3B00C600DFE39E /* SemaScope.swift */ = {isa = PBXFileReference; fileEncoding = 4; lastKnownFileType = sourcecode.swift; name = SemaScope.swift; path = Sema/SemaScope.swift; sourceTree = "<group>"; };
		D497A7781C3B00C600DFE39E /* SemaTypeCheck.swift */ = {isa = PBXFileReference; fileEncoding = 4; lastKnownFileType = sourcecode.swift; name = SemaTypeCheck.swift; path = Sema/SemaTypeCheck.swift; sourceTree = "<group>"; };
		D497A77A1C3B00C600DFE39E /* TypeProvider.swift */ = {isa = PBXFileReference; fileEncoding = 4; lastKnownFileType = sourcecode.swift; name = TypeProvider.swift; path = Sema/TypeProvider.swift; sourceTree = "<group>"; };
		D497A7811C3B00FE00DFE39E /* ASTInterface.swift */ = {isa = PBXFileReference; fileEncoding = 4; lastKnownFileType = sourcecode.swift; name = ASTInterface.swift; path = Sema/Interface/ASTInterface.swift; sourceTree = "<group>"; };
		D497A7821C3B00FE00DFE39E /* LinkAST.swift */ = {isa = PBXFileReference; fileEncoding = 4; lastKnownFileType = sourcecode.swift; name = LinkAST.swift; path = Sema/Interface/LinkAST.swift; sourceTree = "<group>"; };
		D497A7851C3B012700DFE39E /* ArrayVariable.swift */ = {isa = PBXFileReference; fileEncoding = 4; lastKnownFileType = sourcecode.swift; name = ArrayVariable.swift; path = IRGen/ArrayVariable.swift; sourceTree = "<group>"; };
		D497A7861C3B012700DFE39E /* IRGen.swift */ = {isa = PBXFileReference; fileEncoding = 4; lastKnownFileType = sourcecode.swift; name = IRGen.swift; path = IRGen/IRGen.swift; sourceTree = "<group>"; };
		D497A7871C3B012700DFE39E /* RuntimeVariable.swift */ = {isa = PBXFileReference; fileEncoding = 4; lastKnownFileType = sourcecode.swift; name = RuntimeVariable.swift; path = IRGen/RuntimeVariable.swift; sourceTree = "<group>"; };
		D497A7881C3B012700DFE39E /* StackFrame.swift */ = {isa = PBXFileReference; fileEncoding = 4; lastKnownFileType = sourcecode.swift; name = StackFrame.swift; path = IRGen/StackFrame.swift; sourceTree = "<group>"; };
		D497A7891C3B012700DFE39E /* StorageVariable.swift */ = {isa = PBXFileReference; fileEncoding = 4; lastKnownFileType = sourcecode.swift; name = StorageVariable.swift; path = IRGen/StorageVariable.swift; sourceTree = "<group>"; };
		D497A78F1C3B015700DFE39E /* Config.swift */ = {isa = PBXFileReference; fileEncoding = 4; lastKnownFileType = sourcecode.swift; name = Config.swift; path = Helper/Config.swift; sourceTree = "<group>"; };
		D497A7901C3B015700DFE39E /* LinkRuntime.swift */ = {isa = PBXFileReference; fileEncoding = 4; lastKnownFileType = sourcecode.swift; name = LinkRuntime.swift; path = Helper/LinkRuntime.swift; sourceTree = "<group>"; };
		D497A7911C3B015700DFE39E /* Print.swift */ = {isa = PBXFileReference; fileEncoding = 4; lastKnownFileType = sourcecode.swift; name = Print.swift; path = Helper/Print.swift; sourceTree = "<group>"; };
		D497A7951C3B016400DFE39E /* Vist-Bridging-Header.h */ = {isa = PBXFileReference; lastKnownFileType = sourcecode.c.h; name = "Vist-Bridging-Header.h"; path = "Helper/Vist-Bridging-Header.h"; sourceTree = "<group>"; };
		D4A2CBFC1C4FF52400BB9A12 /* Decl.swift */ = {isa = PBXFileReference; fileEncoding = 4; lastKnownFileType = sourcecode.swift; name = Decl.swift; path = AST/Decl.swift; sourceTree = "<group>"; };
		D4A2CBFD1C4FF52400BB9A12 /* Expr.swift */ = {isa = PBXFileReference; fileEncoding = 4; lastKnownFileType = sourcecode.swift; name = Expr.swift; path = AST/Expr.swift; sourceTree = "<group>"; };
		D4A2CBFE1C4FF52400BB9A12 /* Stmt.swift */ = {isa = PBXFileReference; fileEncoding = 4; lastKnownFileType = sourcecode.swift; name = Stmt.swift; path = AST/Stmt.swift; sourceTree = "<group>"; };
		D4A2CC021C4FF52D00BB9A12 /* Parser.swift */ = {isa = PBXFileReference; fileEncoding = 4; lastKnownFileType = sourcecode.swift; name = Parser.swift; path = AST/Parser.swift; sourceTree = "<group>"; };
		D4A2CC041C4FF56500BB9A12 /* ASTNode.swift */ = {isa = PBXFileReference; fileEncoding = 4; lastKnownFileType = sourcecode.swift; name = ASTNode.swift; path = AST/ASTNode.swift; sourceTree = "<group>"; };
		D4A2CC051C4FF56500BB9A12 /* BuiltinType.swift */ = {isa = PBXFileReference; fileEncoding = 4; lastKnownFileType = sourcecode.swift; name = BuiltinType.swift; path = AST/BuiltinType.swift; sourceTree = "<group>"; };
		D4A2CC061C4FF56500BB9A12 /* FnType.swift */ = {isa = PBXFileReference; fileEncoding = 4; lastKnownFileType = sourcecode.swift; name = FnType.swift; path = AST/FnType.swift; sourceTree = "<group>"; };
		D4A2CC071C4FF56500BB9A12 /* StructType.swift */ = {isa = PBXFileReference; fileEncoding = 4; lastKnownFileType = sourcecode.swift; name = StructType.swift; path = AST/StructType.swift; sourceTree = "<group>"; };
		D4A2CC081C4FF56500BB9A12 /* TupleType.swift */ = {isa = PBXFileReference; fileEncoding = 4; lastKnownFileType = sourcecode.swift; name = TupleType.swift; path = AST/TupleType.swift; sourceTree = "<group>"; };
		D4A2CC091C4FF56500BB9A12 /* Ty.swift */ = {isa = PBXFileReference; fileEncoding = 4; lastKnownFileType = sourcecode.swift; name = Ty.swift; path = AST/Ty.swift; sourceTree = "<group>"; };
		D4A2CC101C4FF58C00BB9A12 /* Builtin.swift */ = {isa = PBXFileReference; fileEncoding = 4; lastKnownFileType = sourcecode.swift; name = Builtin.swift; path = AST/Builtin.swift; sourceTree = "<group>"; };
		D4A2CC121C503D1800BB9A12 /* StdLib.swift */ = {isa = PBXFileReference; fileEncoding = 4; lastKnownFileType = sourcecode.swift; name = StdLib.swift; path = AST/StdLib.swift; sourceTree = "<group>"; };
		D4AE04821C622323008F7950 /* Utils.h */ = {isa = PBXFileReference; lastKnownFileType = sourcecode.c.h; name = Utils.h; path = Helper/Utils.h; sourceTree = "<group>"; };
		D4B1FA011C2E1F58001E7BCC /* TODO.md */ = {isa = PBXFileReference; lastKnownFileType = net.daringfireball.markdown; path = TODO.md; sourceTree = "<group>"; };
		D4BBE4191C4157E7001B8934 /* runtime.bc */ = {isa = PBXFileReference; lastKnownFileType = file; name = runtime.bc; path = Runtime/runtime.bc; sourceTree = "<group>"; };
		D4BBE41A1C4157E7001B8934 /* runtime.ll */ = {isa = PBXFileReference; lastKnownFileType = sourcecode.asm.llvm; name = runtime.ll; path = Runtime/runtime.ll; sourceTree = "<group>"; xcLanguageSpecificationIdentifier = xcode.lang.asm.ppc; };
		D4BBE41E1C41584C001B8934 /* stdlib.o */ = {isa = PBXFileReference; lastKnownFileType = "compiled.mach-o.objfile"; name = stdlib.o; path = stdlib/stdlib.o; sourceTree = "<group>"; };
		D4C697DF1C6A5C9200645AD1 /* ConceptType.swift */ = {isa = PBXFileReference; fileEncoding = 4; lastKnownFileType = sourcecode.swift; name = ConceptType.swift; path = AST/ConceptType.swift; sourceTree = "<group>"; };
		D4C697E21C6AB80E00645AD1 /* ExistentialVariable.swift */ = {isa = PBXFileReference; fileEncoding = 4; lastKnownFileType = sourcecode.swift; name = ExistentialVariable.swift; path = IRGen/ExistentialVariable.swift; sourceTree = "<group>"; };
		D4C697E81C6B7F4E00645AD1 /* CreateType.cpp */ = {isa = PBXFileReference; fileEncoding = 4; lastKnownFileType = sourcecode.cpp.cpp; name = CreateType.cpp; path = IRGen/CreateType.cpp; sourceTree = "<group>"; };
		D4C697E91C6B7F4E00645AD1 /* CreateType.hpp */ = {isa = PBXFileReference; fileEncoding = 4; lastKnownFileType = sourcecode.cpp.h; name = CreateType.hpp; path = IRGen/CreateType.hpp; sourceTree = "<group>"; };
		D4D76EA01C69EA200037D93D /* GenericType.swift */ = {isa = PBXFileReference; fileEncoding = 4; lastKnownFileType = sourcecode.swift; name = GenericType.swift; path = AST/GenericType.swift; sourceTree = "<group>"; };
		D4DB9D661C1DFFB300503153 /* example.ll */ = {isa = PBXFileReference; fileEncoding = 4; lastKnownFileType = sourcecode.asm.llvm; name = example.ll; path = RUN/example.ll; sourceTree = "<group>"; xcLanguageSpecificationIdentifier = xcode.lang.asm.ppc; };
		D4DE28131C5906830096E798 /* FunctionContainer.swift */ = {isa = PBXFileReference; fileEncoding = 4; lastKnownFileType = sourcecode.swift; name = FunctionContainer.swift; path = AST/FunctionContainer.swift; sourceTree = "<group>"; };
		D4DE28181C5969830096E798 /* libz.tbd */ = {isa = PBXFileReference; lastKnownFileType = "sourcecode.text-based-dylib-definition"; name = libz.tbd; path = usr/lib/libz.tbd; sourceTree = SDKROOT; };
		D4DE281A1C596B250096E798 /* Assemble.cpp */ = {isa = PBXFileReference; fileEncoding = 4; lastKnownFileType = sourcecode.cpp.cpp; name = Assemble.cpp; path = Pipeline/Assemble.cpp; sourceTree = "<group>"; };
		D4DE281B1C596B250096E798 /* Assemble.hpp */ = {isa = PBXFileReference; fileEncoding = 4; lastKnownFileType = sourcecode.cpp.h; name = Assemble.hpp; path = Pipeline/Assemble.hpp; sourceTree = "<group>"; };
		D4DE281D1C596BFE0096E798 /* TargetMachine.cpp */ = {isa = PBXFileReference; fileEncoding = 4; lastKnownFileType = sourcecode.cpp.cpp; name = TargetMachine.cpp; path = Pipeline/TargetMachine.cpp; sourceTree = "<group>"; };
		D4DE281E1C596BFE0096E798 /* TargetMachine.hpp */ = {isa = PBXFileReference; fileEncoding = 4; lastKnownFileType = sourcecode.cpp.h; name = TargetMachine.hpp; path = Pipeline/TargetMachine.hpp; sourceTree = "<group>"; };
		D4DFFD561C7E1B9A001C677E /* IRFunction.swift */ = {isa = PBXFileReference; fileEncoding = 4; lastKnownFileType = sourcecode.swift; name = IRFunction.swift; path = IRGen/IRFunction.swift; sourceTree = "<group>"; };
		D4E347231C6253D700CC2F8E /* ExprSema.swift */ = {isa = PBXFileReference; fileEncoding = 4; lastKnownFileType = sourcecode.swift; name = ExprSema.swift; path = Sema/ExprSema.swift; sourceTree = "<group>"; };
		D4E347261C62545400CC2F8E /* FunctionSema.swift */ = {isa = PBXFileReference; fileEncoding = 4; lastKnownFileType = sourcecode.swift; name = FunctionSema.swift; path = Sema/FunctionSema.swift; sourceTree = "<group>"; };
		D4E3472A1C62550D00CC2F8E /* StructSema.swift */ = {isa = PBXFileReference; fileEncoding = 4; lastKnownFileType = sourcecode.swift; name = StructSema.swift; path = Sema/StructSema.swift; sourceTree = "<group>"; };
		D4E3472D1C62552B00CC2F8E /* StmtSema.swift */ = {isa = PBXFileReference; fileEncoding = 4; lastKnownFileType = sourcecode.swift; name = StmtSema.swift; path = Sema/StmtSema.swift; sourceTree = "<group>"; };
		D4E35B7E1C5D216600683486 /* Pipe.swift */ = {isa = PBXFileReference; fileEncoding = 4; lastKnownFileType = sourcecode.swift; path = Pipe.swift; sourceTree = "<group>"; };
		D4E35B801C5E3EC600683486 /* Expected.swift */ = {isa = PBXFileReference; fileEncoding = 4; lastKnownFileType = sourcecode.swift; path = Expected.swift; sourceTree = "<group>"; };
		D4FAE4561C3B018000C9EE05 /* Test.playground */ = {isa = PBXFileReference; lastKnownFileType = file.playground; name = Test.playground; path = Helper/Test.playground; sourceTree = "<group>"; };
		D4FAE45B1C3DCEEE00C9EE05 /* BuiltinFunction.swift */ = {isa = PBXFileReference; fileEncoding = 4; lastKnownFileType = sourcecode.swift; name = BuiltinFunction.swift; path = IRGen/BuiltinFunction.swift; sourceTree = "<group>"; };
		D4FAE45D1C3DDE3100C9EE05 /* FunctionAttribute.swift */ = {isa = PBXFileReference; fileEncoding = 4; lastKnownFileType = sourcecode.swift; name = FunctionAttribute.swift; path = IRGen/FunctionAttribute.swift; sourceTree = "<group>"; };
		D4FC9D171C5FEE4E0031F1BD /* IRError.swift */ = {isa = PBXFileReference; fileEncoding = 4; lastKnownFileType = sourcecode.swift; name = IRError.swift; path = IRGen/IRError.swift; sourceTree = "<group>"; };
/* End PBXFileReference section */

/* Begin PBXFrameworksBuildPhase section */
		D41BF5471C5CD797004A1962 /* Frameworks */ = {
			isa = PBXFrameworksBuildPhase;
			buildActionMask = 2147483647;
			files = (
				D4E35B7D1C5D0F0700683486 /* libz.tbd in Frameworks */,
			);
			runOnlyForDeploymentPostprocessing = 0;
		};
		D47FF0771B812052003F9920 /* Frameworks */ = {
			isa = PBXFrameworksBuildPhase;
			buildActionMask = 2147483647;
			files = (
				D4DE28191C5969830096E798 /* libz.tbd in Frameworks */,
			);
			runOnlyForDeploymentPostprocessing = 0;
		};
/* End PBXFrameworksBuildPhase section */

/* Begin PBXGroup section */
		D40FC4D11C4AB98600122397 /* Headers */ = {
			isa = PBXGroup;
			children = (
				D497A7951C3B016400DFE39E /* Vist-Bridging-Header.h */,
				D4AE04821C622323008F7950 /* Utils.h */,
				D40FC4D01C4AAB7C00122397 /* LLVM.h */,
			);
			name = Headers;
			sourceTree = "<group>";
		};
		D41BF54B1C5CD797004A1962 /* Tests */ = {
			isa = PBXGroup;
			children = (
				D41BF54C1C5CD797004A1962 /* Tests.swift */,
				D4E35B7E1C5D216600683486 /* Pipe.swift */,
				D4E35B801C5E3EC600683486 /* Expected.swift */,
				D41BF5541C5CDC8C004A1962 /* TestCases */,
				D41BF54E1C5CD797004A1962 /* Info.plist */,
			);
			path = Tests;
			sourceTree = "<group>";
		};
		D431F4C01C556DF5005D439F /* Optimiser */ = {
			isa = PBXGroup;
			children = (
				D470D7AD1C56A98100791B40 /* Optimiser.hpp */,
				D470D7AC1C56A98100791B40 /* Optimiser.cpp */,
				D431F4C21C55743C005D439F /* StdLibInline.hpp */,
				D431F4C11C55743C005D439F /* StdLibInline.cpp */,
			);
			name = Optimiser;
			sourceTree = "<group>";
		};
		D431F4C41C557795005D439F /* Linking */ = {
			isa = PBXGroup;
			children = (
				D497A7811C3B00FE00DFE39E /* ASTInterface.swift */,
				D497A7821C3B00FE00DFE39E /* LinkAST.swift */,
				D497A7901C3B015700DFE39E /* LinkRuntime.swift */,
			);
			name = Linking;
			sourceTree = "<group>";
		};
		D44DB8881C316DA500EBCD9F /* Runtime */ = {
			isa = PBXGroup;
			children = (
				D4644BE61C4072D600364B99 /* runtime.cpp */,
				D4BBE41A1C4157E7001B8934 /* runtime.ll */,
				D4BBE4191C4157E7001B8934 /* runtime.bc */,
			);
			name = Runtime;
			sourceTree = "<group>";
		};
		D44DB8891C316DB400EBCD9F /* StdLib */ = {
			isa = PBXGroup;
			children = (
				D4644BE51C40619800364B99 /* stdlib.vist */,
				D43DF1EC1C5540AF0049EC2F /* stdlib_.ll */,
				D4644BE31C40619800364B99 /* stdlib.ll */,
				D4BBE41E1C41584C001B8934 /* stdlib.o */,
				D45D4CFE1C74F5E400918E04 /* stdlib.bc */,
			);
			name = StdLib;
			sourceTree = "<group>";
		};
		D45D4CFA1C73988E00918E04 /* Functions */ = {
			isa = PBXGroup;
			children = (
				D4DE28131C5906830096E798 /* FunctionContainer.swift */,
				D4A2CC101C4FF58C00BB9A12 /* Builtin.swift */,
				D4A2CC121C503D1800BB9A12 /* StdLib.swift */,
			);
			name = Functions;
			sourceTree = "<group>";
		};
		D46DA5F41C297AC5006AF1BE /* Lexer */ = {
			isa = PBXGroup;
			children = (
				D497A76D1C3B005600DFE39E /* Lexer.swift */,
				D497A76E1C3B005600DFE39E /* Token.swift */,
			);
			name = Lexer;
			sourceTree = "<group>";
		};
		D46DA5F51C297ADA006AF1BE /* IRGen */ = {
			isa = PBXGroup;
			children = (
				D497A7861C3B012700DFE39E /* IRGen.swift */,
				D4FC9D171C5FEE4E0031F1BD /* IRError.swift */,
				D4328DC61C7080AE00AEF56B /* LLVMPtrWrapper.swift */,
				D45D4CFF1C75CB4E00918E04 /* IRMetadata.swift */,
				D4B0DCE41C66CB1B000B4E97 /* Variables */,
				D4FAE45B1C3DCEEE00C9EE05 /* BuiltinFunction.swift */,
				D40FC4CF1C4AAB2800122397 /* Intrinsic.hpp */,
				D40FC4CD1C4AAB0E00122397 /* Intrinsic.cpp */,
				D4C697E91C6B7F4E00645AD1 /* CreateType.hpp */,
				D4C697E81C6B7F4E00645AD1 /* CreateType.cpp */,
				D40FC4C91C48323E00122397 /* StdTypes.swift */,
				D4FAE45D1C3DDE3100C9EE05 /* FunctionAttribute.swift */,
			);
			name = IRGen;
			sourceTree = "<group>";
		};
		D46DA5F61C297AED006AF1BE /* Helper */ = {
			isa = PBXGroup;
			children = (
				D4FAE4561C3B018000C9EE05 /* Test.playground */,
				D497A78F1C3B015700DFE39E /* Config.swift */,
				D497A7911C3B015700DFE39E /* Print.swift */,
				D41775631C5FA7EF006FD013 /* Error.swift */,
				D4DE28181C5969830096E798 /* libz.tbd */,
				D40FC4D11C4AB98600122397 /* Headers */,
			);
			name = Helper;
			sourceTree = "<group>";
		};
		D47D4BE01C38427200B22B3C /* Docs */ = {
			isa = PBXGroup;
			children = (
				D47E66581B88D9A20051D586 /* README.md */,
				D4B1FA011C2E1F58001E7BCC /* TODO.md */,
			);
			name = Docs;
			sourceTree = "<group>";
		};
		D47FF0711B812052003F9920 = {
			isa = PBXGroup;
			children = (
				D4DB9D641C1DFB8700503153 /* Source */,
				D47D4BE01C38427200B22B3C /* Docs */,
				D47FF07C1B812052003F9920 /* Vist */,
				D41BF54B1C5CD797004A1962 /* Tests */,
				D47FF07B1B812052003F9920 /* Products */,
			);
			sourceTree = "<group>";
		};
		D47FF07B1B812052003F9920 /* Products */ = {
			isa = PBXGroup;
			children = (
				D47FF07A1B812052003F9920 /* vist */,
				D41BF54A1C5CD797004A1962 /* Tests.xctest */,
			);
			name = Products;
			sourceTree = "<group>";
		};
		D47FF07C1B812052003F9920 /* Vist */ = {
			isa = PBXGroup;
			children = (
				D4BBE41B1C415806001B8934 /* Compile */,
				D46DA5F41C297AC5006AF1BE /* Lexer */,
				D4C4FEAD1C4C11B3009DE28C /* AST */,
				D4B1FA041C300AA8001E7BCC /* Sema */,
				D46DA5F51C297ADA006AF1BE /* IRGen */,
				D431F4C01C556DF5005D439F /* Optimiser */,
				D431F4C41C557795005D439F /* Linking */,
				D44DB8881C316DA500EBCD9F /* Runtime */,
				D44DB8891C316DB400EBCD9F /* StdLib */,
				D46DA5F61C297AED006AF1BE /* Helper */,
			);
			path = Vist;
			sourceTree = "<group>";
		};
		D4A2CBF21C4FB22D00BB9A12 /* Type */ = {
			isa = PBXGroup;
			children = (
				D4A2CC091C4FF56500BB9A12 /* Ty.swift */,
				D4A2CC051C4FF56500BB9A12 /* BuiltinType.swift */,
				D4A2CC061C4FF56500BB9A12 /* FnType.swift */,
				D45D4CF71C73962F00918E04 /* StorageType.swift */,
				D4A2CC071C4FF56500BB9A12 /* StructType.swift */,
				D4D76EA01C69EA200037D93D /* GenericType.swift */,
				D4C697DF1C6A5C9200645AD1 /* ConceptType.swift */,
				D4A2CC081C4FF56500BB9A12 /* TupleType.swift */,
				D45D4CFA1C73988E00918E04 /* Functions */,
			);
			name = Type;
			sourceTree = "<group>";
		};
		D4A2CBF31C4FB23700BB9A12 /* Expression */ = {
			isa = PBXGroup;
			children = (
				D4A2CC041C4FF56500BB9A12 /* ASTNode.swift */,
				D4A2CBFD1C4FF52400BB9A12 /* Expr.swift */,
				D4A2CBFE1C4FF52400BB9A12 /* Stmt.swift */,
				D4A2CBFC1C4FF52400BB9A12 /* Decl.swift */,
				D46BC1BC1C66587300B9147E /* ScopeNode.swift */,
				D46BC1BF1C6685C500B9147E /* DefinedType.swift */,
			);
			name = Expression;
			sourceTree = "<group>";
		};
		D4B0DCE41C66CB1B000B4E97 /* Variables */ = {
			isa = PBXGroup;
			children = (
				D497A7881C3B012700DFE39E /* StackFrame.swift */,
				D497A7871C3B012700DFE39E /* RuntimeVariable.swift */,
				D497A7891C3B012700DFE39E /* StorageVariable.swift */,
				D4C697E21C6AB80E00645AD1 /* ExistentialVariable.swift */,
				D45D4CF41C7151D900918E04 /* GenericVariable.swift */,
				D497A7851C3B012700DFE39E /* ArrayVariable.swift */,
				D4DFFD561C7E1B9A001C677E /* IRFunction.swift */,
			);
			name = Variables;
			sourceTree = "<group>";
		};
		D4B1FA041C300AA8001E7BCC /* Sema */ = {
			isa = PBXGroup;
			children = (
				D497A7761C3B00C600DFE39E /* SemaError.swift */,
				D497A7781C3B00C600DFE39E /* SemaTypeCheck.swift */,
				D497A7771C3B00C600DFE39E /* SemaScope.swift */,
				D497A7751C3B00C600DFE39E /* Mangle.swift */,
				D40FC4CB1C4932F100122397 /* Initialiser.swift */,
				D4E347291C6254E200CC2F8E /* Sema */,
			);
			name = Sema;
			sourceTree = "<group>";
		};
		D4BBE41B1C415806001B8934 /* Compile */ = {
			isa = PBXGroup;
			children = (
				D497A76A1C3B003A00DFE39E /* main.swift */,
				D41BF5521C5CD996004A1962 /* CommandLine.swift */,
				D497A7691C3B003A00DFE39E /* Compile.swift */,
				D4DE281B1C596B250096E798 /* Assemble.hpp */,
				D4DE281A1C596B250096E798 /* Assemble.cpp */,
				D4DE281E1C596BFE0096E798 /* TargetMachine.hpp */,
				D4DE281D1C596BFE0096E798 /* TargetMachine.cpp */,
			);
			name = Compile;
			sourceTree = "<group>";
		};
		D4C4FEAD1C4C11B3009DE28C /* AST */ = {
			isa = PBXGroup;
			children = (
				D4A2CC021C4FF52D00BB9A12 /* Parser.swift */,
				D47802AB1C5FAEA500D2FA9C /* ParseError.swift */,
				D4A2CBF31C4FB23700BB9A12 /* Expression */,
				D4A2CBF21C4FB22D00BB9A12 /* Type */,
			);
			name = AST;
			sourceTree = "<group>";
		};
		D4DB9D641C1DFB8700503153 /* Source */ = {
			isa = PBXGroup;
			children = (
				D489F3BD1C1E392D00254FFC /* example.vist */,
				D4851F491C28A0820009233E /* example_.ll */,
				D4DB9D661C1DFFB300503153 /* example.ll */,
				D4851F4A1C28A08A0009233E /* example.s */,
				D489F3C01C1E396E00254FFC /* example */,
			);
			name = Source;
			sourceTree = "<group>";
		};
		D4E347291C6254E200CC2F8E /* Sema */ = {
			isa = PBXGroup;
			children = (
				D497A77A1C3B00C600DFE39E /* TypeProvider.swift */,
				D4E347231C6253D700CC2F8E /* ExprSema.swift */,
				D4E3472A1C62550D00CC2F8E /* StructSema.swift */,
				D4E3472D1C62552B00CC2F8E /* StmtSema.swift */,
				D4E347261C62545400CC2F8E /* FunctionSema.swift */,
			);
			name = Sema;
			sourceTree = "<group>";
		};
/* End PBXGroup section */

/* Begin PBXNativeTarget section */
		D41BF5491C5CD797004A1962 /* Tests */ = {
			isa = PBXNativeTarget;
			buildConfigurationList = D41BF54F1C5CD797004A1962 /* Build configuration list for PBXNativeTarget "Tests" */;
			buildPhases = (
				D41BF5461C5CD797004A1962 /* Sources */,
				D41BF5471C5CD797004A1962 /* Frameworks */,
				D41BF5481C5CD797004A1962 /* Resources */,
			);
			buildRules = (
			);
			dependencies = (
				D4E35B4D1C5D0C0700683486 /* PBXTargetDependency */,
			);
			name = Tests;
			productName = Tests;
			productReference = D41BF54A1C5CD797004A1962 /* Tests.xctest */;
			productType = "com.apple.product-type.bundle.unit-test";
		};
		D47FF0791B812052003F9920 /* vist */ = {
			isa = PBXNativeTarget;
			buildConfigurationList = D47FF0811B812052003F9920 /* Build configuration list for PBXNativeTarget "vist" */;
			buildPhases = (
				D47FF0761B812052003F9920 /* Sources */,
				D47FF0771B812052003F9920 /* Frameworks */,
				D47FF0781B812052003F9920 /* Copy Files */,
			);
			buildRules = (
			);
			dependencies = (
			);
			name = vist;
			productName = Vist;
			productReference = D47FF07A1B812052003F9920 /* vist */;
			productType = "com.apple.product-type.tool";
		};
/* End PBXNativeTarget section */

/* Begin PBXProject section */
		D47FF0721B812052003F9920 /* Project object */ = {
			isa = PBXProject;
			attributes = {
				LastSwiftMigration = 0730;
				LastSwiftUpdateCheck = 0730;
				LastUpgradeCheck = 0700;
				ORGANIZATIONNAME = vistlang;
				TargetAttributes = {
					D41BF5491C5CD797004A1962 = {
						CreatedOnToolsVersion = 7.3;
					};
					D47FF0791B812052003F9920 = {
						CreatedOnToolsVersion = 7.0;
					};
				};
			};
			buildConfigurationList = D47FF0751B812052003F9920 /* Build configuration list for PBXProject "Vist" */;
			compatibilityVersion = "Xcode 3.2";
			developmentRegion = English;
			hasScannedForEncodings = 0;
			knownRegions = (
				en,
			);
			mainGroup = D47FF0711B812052003F9920;
			productRefGroup = D47FF07B1B812052003F9920 /* Products */;
			projectDirPath = "";
			projectRoot = "";
			targets = (
				D47FF0791B812052003F9920 /* vist */,
				D41BF5491C5CD797004A1962 /* Tests */,
			);
		};
/* End PBXProject section */

/* Begin PBXResourcesBuildPhase section */
		D41BF5481C5CD797004A1962 /* Resources */ = {
			isa = PBXResourcesBuildPhase;
			buildActionMask = 2147483647;
			files = (
				D41BF5551C5CDC8C004A1962 /* TestCases in Resources */,
			);
			runOnlyForDeploymentPostprocessing = 0;
		};
/* End PBXResourcesBuildPhase section */

/* Begin PBXSourcesBuildPhase section */
		D41BF5461C5CD797004A1962 /* Sources */ = {
			isa = PBXSourcesBuildPhase;
			buildActionMask = 2147483647;
			files = (
				D4E35B4E1C5D0CA000683486 /* main.swift in Sources */,
				D4E35B4F1C5D0CA000683486 /* CommandLine.swift in Sources */,
				D41775651C5FA7EF006FD013 /* Error.swift in Sources */,
				D4E35B501C5D0CA000683486 /* Compile.swift in Sources */,
				D4E35B521C5D0CA000683486 /* Assemble.cpp in Sources */,
				D4E35B541C5D0CA000683486 /* TargetMachine.cpp in Sources */,
				D4E35B551C5D0CA000683486 /* Lexer.swift in Sources */,
				D46BC1C11C6685C500B9147E /* DefinedType.swift in Sources */,
				D4E35B561C5D0CA000683486 /* Token.swift in Sources */,
				D4E35B571C5D0CA000683486 /* Parser.swift in Sources */,
				D4E35B581C5D0CA000683486 /* ASTNode.swift in Sources */,
				D4E35B591C5D0CA000683486 /* Expr.swift in Sources */,
				D4E35B5A1C5D0CA000683486 /* Stmt.swift in Sources */,
				D4E35B7C1C5D0E7100683486 /* Config.swift in Sources */,
				D4E35B5B1C5D0CA000683486 /* Decl.swift in Sources */,
				D4E35B5C1C5D0CA000683486 /* Ty.swift in Sources */,
				D4E35B5D1C5D0CA000683486 /* BuiltinType.swift in Sources */,
				D4E35B5E1C5D0CA000683486 /* FnType.swift in Sources */,
				D4E347281C62545400CC2F8E /* FunctionSema.swift in Sources */,
				D4E35B5F1C5D0CA000683486 /* StructType.swift in Sources */,
				D4E35B601C5D0CA000683486 /* TupleType.swift in Sources */,
				D4E35B611C5D0CA000683486 /* FunctionContainer.swift in Sources */,
				D4E3472C1C62550D00CC2F8E /* StructSema.swift in Sources */,
				D4E35B621C5D0CA000683486 /* Builtin.swift in Sources */,
				D4E35B631C5D0CA000683486 /* StdLib.swift in Sources */,
				D47802AD1C5FAEA800D2FA9C /* ParseError.swift in Sources */,
				D4E35B641C5D0CA000683486 /* SemaError.swift in Sources */,
				D45D4CF61C7151D900918E04 /* GenericVariable.swift in Sources */,
				D4E35B651C5D0CA000683486 /* SemaTypeCheck.swift in Sources */,
				D46BC1BE1C66587300B9147E /* ScopeNode.swift in Sources */,
				D4E35B661C5D0CA000683486 /* SemaScope.swift in Sources */,
				D4E35B671C5D0CA000683486 /* Mangle.swift in Sources */,
				D4E35B681C5D0CA000683486 /* Initialiser.swift in Sources */,
				D4DFFD581C7E1B9A001C677E /* IRFunction.swift in Sources */,
				D4E35B691C5D0CA000683486 /* TypeProvider.swift in Sources */,
				D4FC9D191C5FEE4E0031F1BD /* IRError.swift in Sources */,
				D4C697E11C6A5C9200645AD1 /* ConceptType.swift in Sources */,
				D4E35B6A1C5D0CA000683486 /* ASTInterface.swift in Sources */,
				D4E35B6B1C5D0CA000683486 /* LinkAST.swift in Sources */,
				D45D4CF91C73962F00918E04 /* StorageType.swift in Sources */,
				D4E35B6C1C5D0CA000683486 /* IRGen.swift in Sources */,
				D4E35B6D1C5D0CA000683486 /* StackFrame.swift in Sources */,
				D4C697E41C6AB80E00645AD1 /* ExistentialVariable.swift in Sources */,
				D45D4D011C75CB4F00918E04 /* IRMetadata.swift in Sources */,
				D4E35B6E1C5D0CA000683486 /* RuntimeVariable.swift in Sources */,
				D4E35B6F1C5D0CA000683486 /* ArrayVariable.swift in Sources */,
				D4D76EA21C69EA200037D93D /* GenericType.swift in Sources */,
				D4E347251C6253D700CC2F8E /* ExprSema.swift in Sources */,
				D4E35B821C5E3ECE00683486 /* Expected.swift in Sources */,
				D4E35B701C5D0CA000683486 /* StorageVariable.swift in Sources */,
				D4E35B711C5D0CA000683486 /* BuiltinFunction.swift in Sources */,
				D4C697EB1C6B7F4E00645AD1 /* CreateType.cpp in Sources */,
				D4E35B731C5D0CA000683486 /* Intrinsic.cpp in Sources */,
				D4E3472F1C62552B00CC2F8E /* StmtSema.swift in Sources */,
				D4E35B741C5D0CA000683486 /* StdTypes.swift in Sources */,
				D4E35B751C5D0CA000683486 /* FunctionAttribute.swift in Sources */,
				D4E35B7B1C5D0E5A00683486 /* Print.swift in Sources */,
				D4328DC81C7080AE00AEF56B /* LLVMPtrWrapper.swift in Sources */,
				D4E35B771C5D0CA000683486 /* Optimiser.cpp in Sources */,
				D4E35B791C5D0CA000683486 /* StdLibInline.cpp in Sources */,
				D4E35B7A1C5D0CA000683486 /* LinkRuntime.swift in Sources */,
				D41BF54D1C5CD797004A1962 /* Tests.swift in Sources */,
				D4E35B7F1C5D216600683486 /* Pipe.swift in Sources */,
			);
			runOnlyForDeploymentPostprocessing = 0;
		};
		D47FF0761B812052003F9920 /* Sources */ = {
			isa = PBXSourcesBuildPhase;
			buildActionMask = 2147483647;
			files = (
				D431F4C31C55743C005D439F /* StdLibInline.cpp in Sources */,
				D46BC1BD1C66587300B9147E /* ScopeNode.swift in Sources */,
				D497A78D1C3B012700DFE39E /* StackFrame.swift in Sources */,
				D4FC9D181C5FEE4E0031F1BD /* IRError.swift in Sources */,
				D4A2CC111C4FF58C00BB9A12 /* Builtin.swift in Sources */,
				D46BC1C01C6685C500B9147E /* DefinedType.swift in Sources */,
				D4A2CBFF1C4FF52400BB9A12 /* Decl.swift in Sources */,
				D45D4D001C75CB4F00918E04 /* IRMetadata.swift in Sources */,
				D497A76C1C3B003A00DFE39E /* main.swift in Sources */,
				D4E3472B1C62550D00CC2F8E /* StructSema.swift in Sources */,
				D497A77B1C3B00C600DFE39E /* Mangle.swift in Sources */,
				D4A2CC131C503D1800BB9A12 /* StdLib.swift in Sources */,
				D40FC4CC1C4932F200122397 /* Initialiser.swift in Sources */,
				D47802AC1C5FAEA500D2FA9C /* ParseError.swift in Sources */,
				D497A7931C3B015700DFE39E /* LinkRuntime.swift in Sources */,
				D41775641C5FA7EF006FD013 /* Error.swift in Sources */,
				D4DE281C1C596B250096E798 /* Assemble.cpp in Sources */,
				D4E347271C62545400CC2F8E /* FunctionSema.swift in Sources */,
				D4328DC71C7080AE00AEF56B /* LLVMPtrWrapper.swift in Sources */,
				D4FAE45E1C3DDE3100C9EE05 /* FunctionAttribute.swift in Sources */,
				D497A78A1C3B012700DFE39E /* ArrayVariable.swift in Sources */,
				D497A7841C3B00FE00DFE39E /* LinkAST.swift in Sources */,
				D4A2CC0A1C4FF56500BB9A12 /* ASTNode.swift in Sources */,
				D497A77D1C3B00C600DFE39E /* SemaScope.swift in Sources */,
				D4DFFD571C7E1B9A001C677E /* IRFunction.swift in Sources */,
				D497A78E1C3B012700DFE39E /* StorageVariable.swift in Sources */,
				D497A76B1C3B003A00DFE39E /* Compile.swift in Sources */,
				D497A7941C3B015700DFE39E /* Print.swift in Sources */,
				D4A2CC0B1C4FF56500BB9A12 /* BuiltinType.swift in Sources */,
				D4A2CC001C4FF52400BB9A12 /* Expr.swift in Sources */,
				D4C697E01C6A5C9200645AD1 /* ConceptType.swift in Sources */,
				D497A7831C3B00FE00DFE39E /* ASTInterface.swift in Sources */,
				D497A78B1C3B012700DFE39E /* IRGen.swift in Sources */,
				D4C697E31C6AB80E00645AD1 /* ExistentialVariable.swift in Sources */,
				D4DE28141C5906830096E798 /* FunctionContainer.swift in Sources */,
				D4DE281F1C596BFE0096E798 /* TargetMachine.cpp in Sources */,
				D4D76EA11C69EA200037D93D /* GenericType.swift in Sources */,
				D4C697EA1C6B7F4E00645AD1 /* CreateType.cpp in Sources */,
				D497A78C1C3B012700DFE39E /* RuntimeVariable.swift in Sources */,
				D40FC4CA1C48323E00122397 /* StdTypes.swift in Sources */,
				D497A7701C3B005600DFE39E /* Token.swift in Sources */,
				D45D4CF81C73962F00918E04 /* StorageType.swift in Sources */,
				D45D4CF51C7151D900918E04 /* GenericVariable.swift in Sources */,
				D497A7801C3B00C600DFE39E /* TypeProvider.swift in Sources */,
				D40FC4CE1C4AAB0E00122397 /* Intrinsic.cpp in Sources */,
				D470D7AE1C56A98100791B40 /* Optimiser.cpp in Sources */,
				D497A77E1C3B00C600DFE39E /* SemaTypeCheck.swift in Sources */,
				D497A7921C3B015700DFE39E /* Config.swift in Sources */,
				D497A76F1C3B005600DFE39E /* Lexer.swift in Sources */,
				D41BF5531C5CD996004A1962 /* CommandLine.swift in Sources */,
				D4FAE45C1C3DCEEE00C9EE05 /* BuiltinFunction.swift in Sources */,
				D4A2CC0D1C4FF56500BB9A12 /* StructType.swift in Sources */,
				D4A2CC031C4FF52D00BB9A12 /* Parser.swift in Sources */,
				D4A2CC0E1C4FF56500BB9A12 /* TupleType.swift in Sources */,
				D4A2CC0F1C4FF56500BB9A12 /* Ty.swift in Sources */,
				D4A2CC011C4FF52400BB9A12 /* Stmt.swift in Sources */,
				D4A2CC0C1C4FF56500BB9A12 /* FnType.swift in Sources */,
				D4E347241C6253D700CC2F8E /* ExprSema.swift in Sources */,
				D497A77C1C3B00C600DFE39E /* SemaError.swift in Sources */,
				D4E3472E1C62552B00CC2F8E /* StmtSema.swift in Sources */,
			);
			runOnlyForDeploymentPostprocessing = 0;
		};
/* End PBXSourcesBuildPhase section */

/* Begin PBXTargetDependency section */
		D4E35B4D1C5D0C0700683486 /* PBXTargetDependency */ = {
			isa = PBXTargetDependency;
			target = D47FF0791B812052003F9920 /* vist */;
			targetProxy = D4E35B4C1C5D0C0700683486 /* PBXContainerItemProxy */;
		};
/* End PBXTargetDependency section */

/* Begin XCBuildConfiguration section */
		D41BF5501C5CD797004A1962 /* Debug */ = {
			isa = XCBuildConfiguration;
			buildSettings = {
				CODE_SIGN_IDENTITY = "-";
				COMBINE_HIDPI_IMAGES = YES;
				GCC_PREPROCESSOR_DEFINITIONS = (
					"SOURCE_ROOT=@\\\"$(PROJECT_DIR)\\\"",
					__STDC_CONSTANT_MACROS,
					__STDC_LIMIT_MACROS,
					__STDC_FORMAT_MACROS,
				);
				HEADER_SEARCH_PATHS = /usr/local/opt/llvm/include;
				INFOPLIST_FILE = Tests/Info.plist;
				LD_RUNPATH_SEARCH_PATHS = "$(inherited) @executable_path/../Frameworks @loader_path/../Frameworks";
				LIBRARY_SEARCH_PATHS = /usr/local/opt/llvm/lib;
				OTHER_CPLUSPLUSFLAGS = (
					"$(OTHER_CFLAGS)",
					"-Wall",
					"-W",
					"-Wno-unused-parameter",
					"-Wwrite-strings",
					"-Wcast-qual",
					"-Wmissing-field-initializers",
					"-Wcovered-switch-default",
					"-Wnon-virtual-dtor",
					"-Werror=date-time",
					"-Wdocumentation",
					"-Wimplicit-fallthrough",
					"-Wunreachable-code",
					"-Woverloaded-virtual",
					"-fno-exceptions",
					"-fno-rtti",
					"-target",
					"x86_64-apple-macosx10.9",
					"-isysroot",
					/Applications/Xcode.app/Contents/Developer/Platforms/MacOSX.platform/Developer/SDKs/MacOSX10.11.sdk,
					"-arch",
					x86_64,
					"-F",
					/Applications/Xcode.app/Contents/Developer/Platforms/MacOSX.platform/Developer/SDKs/MacOSX10.11.sdk/../../../Developer/Library/Frameworks,
					"-mmacosx-version-min=10.9",
					"-UNDEBUG",
				);
				OTHER_LDFLAGS = (
					"-std=c++11\n-lcurses\n-lLLVMLTO\n-lLLVMObjCARCOpts\n-lLLVMLinker\n-lLLVMBitWriter\n-lLLVMIRReader\n-lLLVMAsmParser\n-lLLVMXCoreDisassembler\n-lLLVMXCoreCodeGen\n-lLLVMXCoreDesc\n-lLLVMXCoreInfo\n-lLLVMXCoreAsmPrinter\n-lLLVMSystemZDisassembler\n-lLLVMSystemZCodeGen\n-lLLVMSystemZAsmParser\n-lLLVMSystemZDesc\n-lLLVMSystemZInfo\n-lLLVMSystemZAsmPrinter\n-lLLVMSparcDisassembler\n-lLLVMSparcCodeGen\n-lLLVMSparcAsmParser\n-lLLVMSparcDesc\n-lLLVMSparcInfo\n-lLLVMSparcAsmPrinter\n-lLLVMR600CodeGen\n-lLLVMipo\n-lLLVMVectorize\n-lLLVMR600AsmParser\n-lLLVMR600Desc\n-lLLVMR600Info\n-lLLVMR600AsmPrinter\n-lLLVMPowerPCDisassembler\n-lLLVMPowerPCCodeGen\n-lLLVMPowerPCAsmParser\n-lLLVMPowerPCDesc\n-lLLVMPowerPCInfo\n-lLLVMPowerPCAsmPrinter\n-lLLVMNVPTXCodeGen\n-lLLVMNVPTXDesc\n-lLLVMNVPTXInfo\n-lLLVMNVPTXAsmPrinter\n-lLLVMMSP430CodeGen\n-lLLVMMSP430Desc\n-lLLVMMSP430Info\n-lLLVMMSP430AsmPrinter\n-lLLVMMipsDisassembler\n-lLLVMMipsCodeGen\n-lLLVMMipsAsmParser\n-lLLVMMipsDesc\n-lLLVMMipsInfo\n-lLLVMMipsAsmPrinter\n-lLLVMHexagonDisassembler\n-lLLVMHexagonCodeGen\n-lLLVMHexagonDesc\n-lLLVMHexagonInfo\n-lLLVMCppBackendCodeGen\n-lLLVMCppBackendInfo\n-lLLVMARMDisassembler\n-lLLVMARMCodeGen\n-lLLVMARMAsmParser\n-lLLVMARMDesc\n-lLLVMARMInfo\n-lLLVMARMAsmPrinter\n-lLLVMAArch64Disassembler\n-lLLVMAArch64CodeGen\n-lLLVMAArch64AsmParser\n-lLLVMAArch64Desc\n-lLLVMAArch64Info\n-lLLVMAArch64AsmPrinter\n-lLLVMAArch64Utils\n-lLLVMTableGen\n-lLLVMDebugInfo\n-lLLVMOption\n-lLLVMX86Disassembler\n-lLLVMX86AsmParser\n-lLLVMX86CodeGen\n-lLLVMSelectionDAG\n-lLLVMAsmPrinter\n-lLLVMX86Desc\n-lLLVMMCDisassembler\n-lLLVMX86Info\n-lLLVMX86AsmPrinter\n-lLLVMX86Utils\n-lLLVMMCJIT\n-lLLVMLineEditor\n-lLLVMInstrumentation\n-lLLVMInterpreter\n-lLLVMExecutionEngine\n-lLLVMRuntimeDyld\n-lLLVMCodeGen\n-lLLVMScalarOpts\n-lLLVMProfileData\n-lLLVMObject\n-lLLVMMCParser\n-lLLVMBitReader\n-lLLVMInstCombine\n-lLLVMTransformUtils\n-lLLVMipa\n-lLLVMAnalysis\n-lLLVMTarget\n-lLLVMMC\n-lLLVMCore\n-lLLVMSupport\n-fPIC\n-fvisibility-inlines-hidden\n-Wl,-search_paths_first\n-Wl,-headerpad_max_install_names\n-lclangAnalysis\n-lclangARCMigrate\n-lclangAST\n-lclangASTMatchers\n-lclangBasic\n-lclangCodeGen\n-lclangDriver\n-lclangDynamicASTMatchers\n-lclangEdit\n-lclangFormat\n-lclangFrontend\n-lclangFrontendTool\n-lclangIndex\n-lclangLex\n-lclangParse\n-lclangRewrite\n-lclangRewriteFrontend\n-lclangSema\n-lclangSerialization\n-lclangStaticAnalyzerCheckers\n-lclangStaticAnalyzerCore\n-lclangStaticAnalyzerFrontend\n-lclangTooling\n-lclangToolingCore",
				);
				PRODUCT_BUNDLE_IDENTIFIER = "com.vist-lang.Tests";
				PRODUCT_NAME = "$(TARGET_NAME)";
				SWIFT_OBJC_BRIDGING_HEADER = "Vist/Helper/Vist-Bridging-Header.h";
			};
			name = Debug;
		};
		D41BF5511C5CD797004A1962 /* Release */ = {
			isa = XCBuildConfiguration;
			buildSettings = {
				CODE_SIGN_IDENTITY = "-";
				COMBINE_HIDPI_IMAGES = YES;
				GCC_PREPROCESSOR_DEFINITIONS = (
					"SOURCE_ROOT=@\\\"$(PROJECT_DIR)\\\"",
					__STDC_CONSTANT_MACROS,
					__STDC_LIMIT_MACROS,
					__STDC_FORMAT_MACROS,
				);
				HEADER_SEARCH_PATHS = /usr/local/opt/llvm/include;
				INFOPLIST_FILE = Tests/Info.plist;
				LD_RUNPATH_SEARCH_PATHS = "$(inherited) @executable_path/../Frameworks @loader_path/../Frameworks";
				LIBRARY_SEARCH_PATHS = /usr/local/opt/llvm/lib;
				OTHER_CPLUSPLUSFLAGS = (
					"$(OTHER_CFLAGS)",
					"-Wall",
					"-W",
					"-Wno-unused-parameter",
					"-Wwrite-strings",
					"-Wcast-qual",
					"-Wmissing-field-initializers",
					"-Wcovered-switch-default",
					"-Wnon-virtual-dtor",
					"-Werror=date-time",
					"-Wdocumentation",
					"-Wimplicit-fallthrough",
					"-Wunreachable-code",
					"-Woverloaded-virtual",
					"-fno-exceptions",
					"-fno-rtti",
					"-target",
					"x86_64-apple-macosx10.9",
					"-isysroot",
					/Applications/Xcode.app/Contents/Developer/Platforms/MacOSX.platform/Developer/SDKs/MacOSX10.11.sdk,
					"-arch",
					x86_64,
					"-F",
					/Applications/Xcode.app/Contents/Developer/Platforms/MacOSX.platform/Developer/SDKs/MacOSX10.11.sdk/../../../Developer/Library/Frameworks,
					"-mmacosx-version-min=10.9",
					"-UNDEBUG",
				);
				OTHER_LDFLAGS = (
					"-std=c++11\n-lcurses\n-lLLVMLTO\n-lLLVMObjCARCOpts\n-lLLVMLinker\n-lLLVMBitWriter\n-lLLVMIRReader\n-lLLVMAsmParser\n-lLLVMXCoreDisassembler\n-lLLVMXCoreCodeGen\n-lLLVMXCoreDesc\n-lLLVMXCoreInfo\n-lLLVMXCoreAsmPrinter\n-lLLVMSystemZDisassembler\n-lLLVMSystemZCodeGen\n-lLLVMSystemZAsmParser\n-lLLVMSystemZDesc\n-lLLVMSystemZInfo\n-lLLVMSystemZAsmPrinter\n-lLLVMSparcDisassembler\n-lLLVMSparcCodeGen\n-lLLVMSparcAsmParser\n-lLLVMSparcDesc\n-lLLVMSparcInfo\n-lLLVMSparcAsmPrinter\n-lLLVMR600CodeGen\n-lLLVMipo\n-lLLVMVectorize\n-lLLVMR600AsmParser\n-lLLVMR600Desc\n-lLLVMR600Info\n-lLLVMR600AsmPrinter\n-lLLVMPowerPCDisassembler\n-lLLVMPowerPCCodeGen\n-lLLVMPowerPCAsmParser\n-lLLVMPowerPCDesc\n-lLLVMPowerPCInfo\n-lLLVMPowerPCAsmPrinter\n-lLLVMNVPTXCodeGen\n-lLLVMNVPTXDesc\n-lLLVMNVPTXInfo\n-lLLVMNVPTXAsmPrinter\n-lLLVMMSP430CodeGen\n-lLLVMMSP430Desc\n-lLLVMMSP430Info\n-lLLVMMSP430AsmPrinter\n-lLLVMMipsDisassembler\n-lLLVMMipsCodeGen\n-lLLVMMipsAsmParser\n-lLLVMMipsDesc\n-lLLVMMipsInfo\n-lLLVMMipsAsmPrinter\n-lLLVMHexagonDisassembler\n-lLLVMHexagonCodeGen\n-lLLVMHexagonDesc\n-lLLVMHexagonInfo\n-lLLVMCppBackendCodeGen\n-lLLVMCppBackendInfo\n-lLLVMARMDisassembler\n-lLLVMARMCodeGen\n-lLLVMARMAsmParser\n-lLLVMARMDesc\n-lLLVMARMInfo\n-lLLVMARMAsmPrinter\n-lLLVMAArch64Disassembler\n-lLLVMAArch64CodeGen\n-lLLVMAArch64AsmParser\n-lLLVMAArch64Desc\n-lLLVMAArch64Info\n-lLLVMAArch64AsmPrinter\n-lLLVMAArch64Utils\n-lLLVMTableGen\n-lLLVMDebugInfo\n-lLLVMOption\n-lLLVMX86Disassembler\n-lLLVMX86AsmParser\n-lLLVMX86CodeGen\n-lLLVMSelectionDAG\n-lLLVMAsmPrinter\n-lLLVMX86Desc\n-lLLVMMCDisassembler\n-lLLVMX86Info\n-lLLVMX86AsmPrinter\n-lLLVMX86Utils\n-lLLVMMCJIT\n-lLLVMLineEditor\n-lLLVMInstrumentation\n-lLLVMInterpreter\n-lLLVMExecutionEngine\n-lLLVMRuntimeDyld\n-lLLVMCodeGen\n-lLLVMScalarOpts\n-lLLVMProfileData\n-lLLVMObject\n-lLLVMMCParser\n-lLLVMBitReader\n-lLLVMInstCombine\n-lLLVMTransformUtils\n-lLLVMipa\n-lLLVMAnalysis\n-lLLVMTarget\n-lLLVMMC\n-lLLVMCore\n-lLLVMSupport\n-fPIC\n-fvisibility-inlines-hidden\n-Wl,-search_paths_first\n-Wl,-headerpad_max_install_names\n-lclangAnalysis\n-lclangARCMigrate\n-lclangAST\n-lclangASTMatchers\n-lclangBasic\n-lclangCodeGen\n-lclangDriver\n-lclangDynamicASTMatchers\n-lclangEdit\n-lclangFormat\n-lclangFrontend\n-lclangFrontendTool\n-lclangIndex\n-lclangLex\n-lclangParse\n-lclangRewrite\n-lclangRewriteFrontend\n-lclangSema\n-lclangSerialization\n-lclangStaticAnalyzerCheckers\n-lclangStaticAnalyzerCore\n-lclangStaticAnalyzerFrontend\n-lclangTooling\n-lclangToolingCore",
				);
				PRODUCT_BUNDLE_IDENTIFIER = "com.vist-lang.Tests";
				PRODUCT_NAME = "$(TARGET_NAME)";
				SWIFT_OBJC_BRIDGING_HEADER = "Vist/Helper/Vist-Bridging-Header.h";
			};
			name = Release;
		};
		D47FF07F1B812052003F9920 /* Debug */ = {
			isa = XCBuildConfiguration;
			buildSettings = {
				ALWAYS_SEARCH_USER_PATHS = NO;
				CLANG_CXX_LANGUAGE_STANDARD = "gnu++0x";
				CLANG_CXX_LIBRARY = "libc++";
				CLANG_ENABLE_MODULES = YES;
				CLANG_ENABLE_OBJC_ARC = YES;
				CLANG_WARN_BOOL_CONVERSION = YES;
				CLANG_WARN_CONSTANT_CONVERSION = YES;
				CLANG_WARN_DIRECT_OBJC_ISA_USAGE = YES_ERROR;
				CLANG_WARN_EMPTY_BODY = YES;
				CLANG_WARN_ENUM_CONVERSION = YES;
				CLANG_WARN_INT_CONVERSION = YES;
				CLANG_WARN_OBJC_ROOT_CLASS = YES_ERROR;
				CLANG_WARN_UNREACHABLE_CODE = YES;
				CLANG_WARN__DUPLICATE_METHOD_MATCH = YES;
				COPY_PHASE_STRIP = NO;
				DEBUG_INFORMATION_FORMAT = dwarf;
				ENABLE_STRICT_OBJC_MSGSEND = YES;
				ENABLE_TESTABILITY = YES;
				GCC_C_LANGUAGE_STANDARD = gnu99;
				GCC_DYNAMIC_NO_PIC = NO;
				GCC_NO_COMMON_BLOCKS = YES;
				GCC_OPTIMIZATION_LEVEL = 0;
				GCC_PREPROCESSOR_DEFINITIONS = (
					"DEBUG=1",
					"$(inherited)",
				);
				GCC_WARN_64_TO_32_BIT_CONVERSION = YES;
				GCC_WARN_ABOUT_RETURN_TYPE = YES_ERROR;
				GCC_WARN_UNDECLARED_SELECTOR = YES;
				GCC_WARN_UNINITIALIZED_AUTOS = YES_AGGRESSIVE;
				GCC_WARN_UNUSED_FUNCTION = YES;
				GCC_WARN_UNUSED_VARIABLE = YES;
				MACOSX_DEPLOYMENT_TARGET = 10.11;
				MTL_ENABLE_DEBUG_INFO = YES;
				ONLY_ACTIVE_ARCH = YES;
				SDKROOT = macosx;
				SWIFT_OPTIMIZATION_LEVEL = "-Onone";
			};
			name = Debug;
		};
		D47FF0801B812052003F9920 /* Release */ = {
			isa = XCBuildConfiguration;
			buildSettings = {
				ALWAYS_SEARCH_USER_PATHS = NO;
				CLANG_CXX_LANGUAGE_STANDARD = "gnu++0x";
				CLANG_CXX_LIBRARY = "libc++";
				CLANG_ENABLE_MODULES = YES;
				CLANG_ENABLE_OBJC_ARC = YES;
				CLANG_WARN_BOOL_CONVERSION = YES;
				CLANG_WARN_CONSTANT_CONVERSION = YES;
				CLANG_WARN_DIRECT_OBJC_ISA_USAGE = YES_ERROR;
				CLANG_WARN_EMPTY_BODY = YES;
				CLANG_WARN_ENUM_CONVERSION = YES;
				CLANG_WARN_INT_CONVERSION = YES;
				CLANG_WARN_OBJC_ROOT_CLASS = YES_ERROR;
				CLANG_WARN_UNREACHABLE_CODE = YES;
				CLANG_WARN__DUPLICATE_METHOD_MATCH = YES;
				COPY_PHASE_STRIP = NO;
				DEBUG_INFORMATION_FORMAT = "dwarf-with-dsym";
				ENABLE_NS_ASSERTIONS = NO;
				ENABLE_STRICT_OBJC_MSGSEND = YES;
				ENABLE_TESTABILITY = YES;
				GCC_C_LANGUAGE_STANDARD = gnu99;
				GCC_NO_COMMON_BLOCKS = YES;
				GCC_WARN_64_TO_32_BIT_CONVERSION = YES;
				GCC_WARN_ABOUT_RETURN_TYPE = YES_ERROR;
				GCC_WARN_UNDECLARED_SELECTOR = YES;
				GCC_WARN_UNINITIALIZED_AUTOS = YES_AGGRESSIVE;
				GCC_WARN_UNUSED_FUNCTION = YES;
				GCC_WARN_UNUSED_VARIABLE = YES;
				MACOSX_DEPLOYMENT_TARGET = 10.11;
				MTL_ENABLE_DEBUG_INFO = NO;
				SDKROOT = macosx;
			};
			name = Release;
		};
		D47FF0821B812052003F9920 /* Debug */ = {
			isa = XCBuildConfiguration;
			buildSettings = {
				CLANG_ENABLE_MODULES = YES;
				DEFINES_MODULE = YES;
				EMBEDDED_CONTENT_CONTAINS_SWIFT = YES;
				ENABLE_TESTABILITY = YES;
				GCC_PREPROCESSOR_DEFINITIONS = (
					"PROJECT_DIR=@\\\"$(PROJECT_DIR)\\\"",
					__STDC_CONSTANT_MACROS,
					__STDC_LIMIT_MACROS,
					__STDC_FORMAT_MACROS,
				);
				HEADER_SEARCH_PATHS = /usr/local/opt/llvm/include;
				"LD_MAP_FILE_PATH[arch=*]" = "$(TARGET_TEMP_DIR)/$(PRODUCT_NAME)-LinkMap-$(CURRENT_VARIANT)-$(CURRENT_ARCH).txt";
				LD_RUNPATH_SEARCH_PATHS = "$(inherited) @executable_path/../Frameworks @loader_path/../Frameworks";
				LIBRARY_SEARCH_PATHS = /usr/local/opt/llvm/lib;
				LLVM_LTO = YES;
				MODULE_NAME = vist;
				MODULE_VERSION = 1.0;
				OTHER_CPLUSPLUSFLAGS = (
					"$(OTHER_CFLAGS)",
					"-Wall",
					"-W",
					"-Wno-unused-parameter",
					"-Wwrite-strings",
					"-Wcast-qual",
					"-Wmissing-field-initializers",
					"-Wcovered-switch-default",
					"-Wnon-virtual-dtor",
					"-Werror=date-time",
					"-Wdocumentation",
					"-Wimplicit-fallthrough",
					"-Wunreachable-code",
					"-Woverloaded-virtual",
					"-fno-exceptions",
					"-fno-rtti",
					"-target",
					"x86_64-apple-macosx10.9",
					"-isysroot",
					/Applications/Xcode.app/Contents/Developer/Platforms/MacOSX.platform/Developer/SDKs/MacOSX10.11.sdk,
					"-arch",
					x86_64,
					"-F",
					/Applications/Xcode.app/Contents/Developer/Platforms/MacOSX.platform/Developer/SDKs/MacOSX10.11.sdk/../../../Developer/Library/Frameworks,
					"-mmacosx-version-min=10.9",
					"-UNDEBUG",
				);
				OTHER_LDFLAGS = (
					"-std=c++11",
					"-lcurses",
					"-lLLVMLTO",
					"-lLLVMObjCARCOpts",
					"-lLLVMLinker",
					"-lLLVMBitWriter",
					"-lLLVMIRReader",
					"-lLLVMAsmParser",
					"-lLLVMXCoreDisassembler",
					"-lLLVMXCoreCodeGen",
					"-lLLVMXCoreDesc",
					"-lLLVMXCoreInfo",
					"-lLLVMXCoreAsmPrinter",
					"-lLLVMSystemZDisassembler",
					"-lLLVMSystemZCodeGen",
					"-lLLVMSystemZAsmParser",
					"-lLLVMSystemZDesc",
					"-lLLVMSystemZInfo",
					"-lLLVMSystemZAsmPrinter",
					"-lLLVMSparcDisassembler",
					"-lLLVMSparcCodeGen",
					"-lLLVMSparcAsmParser",
					"-lLLVMSparcDesc",
					"-lLLVMSparcInfo",
					"-lLLVMSparcAsmPrinter",
					"-lLLVMR600CodeGen",
					"-lLLVMipo",
					"-lLLVMVectorize",
					"-lLLVMR600AsmParser",
					"-lLLVMR600Desc",
					"-lLLVMR600Info",
					"-lLLVMR600AsmPrinter",
					"-lLLVMPowerPCDisassembler",
					"-lLLVMPowerPCCodeGen",
					"-lLLVMPowerPCAsmParser",
					"-lLLVMPowerPCDesc",
					"-lLLVMPowerPCInfo",
					"-lLLVMPowerPCAsmPrinter",
					"-lLLVMNVPTXCodeGen",
					"-lLLVMNVPTXDesc",
					"-lLLVMNVPTXInfo",
					"-lLLVMNVPTXAsmPrinter",
					"-lLLVMMSP430CodeGen",
					"-lLLVMMSP430Desc",
					"-lLLVMMSP430Info",
					"-lLLVMMSP430AsmPrinter",
					"-lLLVMMipsDisassembler",
					"-lLLVMMipsCodeGen",
					"-lLLVMMipsAsmParser",
					"-lLLVMMipsDesc",
					"-lLLVMMipsInfo",
					"-lLLVMMipsAsmPrinter",
					"-lLLVMHexagonDisassembler",
					"-lLLVMHexagonCodeGen",
					"-lLLVMHexagonDesc",
					"-lLLVMHexagonInfo",
					"-lLLVMCppBackendCodeGen",
					"-lLLVMCppBackendInfo",
					"-lLLVMARMDisassembler",
					"-lLLVMARMCodeGen",
					"-lLLVMARMAsmParser",
					"-lLLVMARMDesc",
					"-lLLVMARMInfo",
					"-lLLVMARMAsmPrinter",
					"-lLLVMAArch64Disassembler",
					"-lLLVMAArch64CodeGen",
					"-lLLVMAArch64AsmParser",
					"-lLLVMAArch64Desc",
					"-lLLVMAArch64Info",
					"-lLLVMAArch64AsmPrinter",
					"-lLLVMAArch64Utils",
					"-lLLVMTableGen",
					"-lLLVMDebugInfo",
					"-lLLVMOption",
					"-lLLVMX86Disassembler",
					"-lLLVMX86AsmParser",
					"-lLLVMX86CodeGen",
					"-lLLVMSelectionDAG",
					"-lLLVMAsmPrinter",
					"-lLLVMX86Desc",
					"-lLLVMMCDisassembler",
					"-lLLVMX86Info",
					"-lLLVMX86AsmPrinter",
					"-lLLVMX86Utils",
					"-lLLVMMCJIT",
					"-lLLVMLineEditor",
					"-lLLVMInstrumentation",
					"-lLLVMInterpreter",
					"-lLLVMExecutionEngine",
					"-lLLVMRuntimeDyld",
					"-lLLVMCodeGen",
					"-lLLVMScalarOpts",
					"-lLLVMProfileData",
					"-lLLVMObject",
					"-lLLVMMCParser",
					"-lLLVMBitReader",
					"-lLLVMInstCombine",
					"-lLLVMTransformUtils",
					"-lLLVMipa",
					"-lLLVMAnalysis",
					"-lLLVMTarget",
					"-lLLVMMC",
					"-lLLVMCore",
					"-lLLVMSupport",
					"-fPIC",
					"-fvisibility-inlines-hidden",
					"-Wl,-search_paths_first",
					"-Wl,-headerpad_max_install_names",
					"-lclangAnalysis",
					"-lclangARCMigrate",
					"-lclangAST",
					"-lclangASTMatchers",
					"-lclangBasic",
					"-lclangCodeGen",
					"-lclangDriver",
					"-lclangDynamicASTMatchers",
					"-lclangEdit",
					"-lclangFormat",
					"-lclangFrontend",
					"-lclangFrontendTool",
					"-lclangIndex",
					"-lclangLex",
					"-lclangParse",
					"-lclangRewrite",
					"-lclangRewriteFrontend",
					"-lclangSema",
					"-lclangSerialization",
					"-lclangStaticAnalyzerCheckers",
					"-lclangStaticAnalyzerCore",
					"-lclangStaticAnalyzerFrontend",
					"-lclangTooling",
					"-lclangToolingCore",
				);
				OTHER_SWIFT_FLAGS = "-DDEBUG";
				PRELINK_LIBS = "";
				PRODUCT_NAME = "$(TARGET_NAME)";
				REEXPORTED_LIBRARY_NAMES = "";
				STRIP_INSTALLED_PRODUCT = YES;
				SWIFT_OBJC_BRIDGING_HEADER = "Vist/Helper/Vist-Bridging-Header.h";
				SWIFT_OPTIMIZATION_LEVEL = "-Onone";
				USER_HEADER_SEARCH_PATHS = "";
			};
			name = Debug;
		};
		D47FF0831B812052003F9920 /* Release */ = {
			isa = XCBuildConfiguration;
			buildSettings = {
				CLANG_ENABLE_MODULES = YES;
				DEFINES_MODULE = YES;
				EMBEDDED_CONTENT_CONTAINS_SWIFT = YES;
				ENABLE_TESTABILITY = YES;
				GCC_PREPROCESSOR_DEFINITIONS = (
					"PROJECT_DIR=@\\\"$(PROJECT_DIR)\\\"",
					__STDC_CONSTANT_MACROS,
					__STDC_LIMIT_MACROS,
					__STDC_FORMAT_MACROS,
				);
				HEADER_SEARCH_PATHS = /usr/local/opt/llvm/include;
				LD_RUNPATH_SEARCH_PATHS = "$(inherited) @executable_path/../Frameworks @loader_path/../Frameworks";
				LIBRARY_SEARCH_PATHS = /usr/local/opt/llvm/lib;
				LLVM_LTO = YES;
				MODULE_NAME = vist;
				MODULE_VERSION = 1.0;
				OTHER_CPLUSPLUSFLAGS = (
					"$(OTHER_CFLAGS)",
					"-Wall",
					"-W",
					"-Wno-unused-parameter",
					"-Wwrite-strings",
					"-Wcast-qual",
					"-Wmissing-field-initializers",
					"-Wcovered-switch-default",
					"-Wnon-virtual-dtor",
					"-Werror=date-time",
					"-Wdocumentation",
					"-Wimplicit-fallthrough",
					"-Wunreachable-code",
					"-Woverloaded-virtual",
					"-fno-exceptions",
					"-fno-rtti",
					"-target",
					"x86_64-apple-macosx10.9",
					"-isysroot",
					/Applications/Xcode.app/Contents/Developer/Platforms/MacOSX.platform/Developer/SDKs/MacOSX10.11.sdk,
					"-arch",
					x86_64,
					"-F",
					/Applications/Xcode.app/Contents/Developer/Platforms/MacOSX.platform/Developer/SDKs/MacOSX10.11.sdk/../../../Developer/Library/Frameworks,
					"-mmacosx-version-min=10.9",
					"-UNDEBUG",
				);
				OTHER_LDFLAGS = (
					"-std=c++11",
					"-lcurses",
					"-lLLVMLTO",
					"-lLLVMObjCARCOpts",
					"-lLLVMLinker",
					"-lLLVMBitWriter",
					"-lLLVMIRReader",
					"-lLLVMAsmParser",
					"-lLLVMXCoreDisassembler",
					"-lLLVMXCoreCodeGen",
					"-lLLVMXCoreDesc",
					"-lLLVMXCoreInfo",
					"-lLLVMXCoreAsmPrinter",
					"-lLLVMSystemZDisassembler",
					"-lLLVMSystemZCodeGen",
					"-lLLVMSystemZAsmParser",
					"-lLLVMSystemZDesc",
					"-lLLVMSystemZInfo",
					"-lLLVMSystemZAsmPrinter",
					"-lLLVMSparcDisassembler",
					"-lLLVMSparcCodeGen",
					"-lLLVMSparcAsmParser",
					"-lLLVMSparcDesc",
					"-lLLVMSparcInfo",
					"-lLLVMSparcAsmPrinter",
					"-lLLVMR600CodeGen",
					"-lLLVMipo",
					"-lLLVMVectorize",
					"-lLLVMR600AsmParser",
					"-lLLVMR600Desc",
					"-lLLVMR600Info",
					"-lLLVMR600AsmPrinter",
					"-lLLVMPowerPCDisassembler",
					"-lLLVMPowerPCCodeGen",
					"-lLLVMPowerPCAsmParser",
					"-lLLVMPowerPCDesc",
					"-lLLVMPowerPCInfo",
					"-lLLVMPowerPCAsmPrinter",
					"-lLLVMNVPTXCodeGen",
					"-lLLVMNVPTXDesc",
					"-lLLVMNVPTXInfo",
					"-lLLVMNVPTXAsmPrinter",
					"-lLLVMMSP430CodeGen",
					"-lLLVMMSP430Desc",
					"-lLLVMMSP430Info",
					"-lLLVMMSP430AsmPrinter",
					"-lLLVMMipsDisassembler",
					"-lLLVMMipsCodeGen",
					"-lLLVMMipsAsmParser",
					"-lLLVMMipsDesc",
					"-lLLVMMipsInfo",
					"-lLLVMMipsAsmPrinter",
					"-lLLVMHexagonDisassembler",
					"-lLLVMHexagonCodeGen",
					"-lLLVMHexagonDesc",
					"-lLLVMHexagonInfo",
					"-lLLVMCppBackendCodeGen",
					"-lLLVMCppBackendInfo",
					"-lLLVMARMDisassembler",
					"-lLLVMARMCodeGen",
					"-lLLVMARMAsmParser",
					"-lLLVMARMDesc",
					"-lLLVMARMInfo",
					"-lLLVMARMAsmPrinter",
					"-lLLVMAArch64Disassembler",
					"-lLLVMAArch64CodeGen",
					"-lLLVMAArch64AsmParser",
					"-lLLVMAArch64Desc",
					"-lLLVMAArch64Info",
					"-lLLVMAArch64AsmPrinter",
					"-lLLVMAArch64Utils",
					"-lLLVMTableGen",
					"-lLLVMDebugInfo",
					"-lLLVMOption",
					"-lLLVMX86Disassembler",
					"-lLLVMX86AsmParser",
					"-lLLVMX86CodeGen",
					"-lLLVMSelectionDAG",
					"-lLLVMAsmPrinter",
					"-lLLVMX86Desc",
					"-lLLVMMCDisassembler",
					"-lLLVMX86Info",
					"-lLLVMX86AsmPrinter",
					"-lLLVMX86Utils",
					"-lLLVMMCJIT",
					"-lLLVMLineEditor",
					"-lLLVMInstrumentation",
					"-lLLVMInterpreter",
					"-lLLVMExecutionEngine",
					"-lLLVMRuntimeDyld",
					"-lLLVMCodeGen",
					"-lLLVMScalarOpts",
					"-lLLVMProfileData",
					"-lLLVMObject",
					"-lLLVMMCParser",
					"-lLLVMBitReader",
					"-lLLVMInstCombine",
					"-lLLVMTransformUtils",
					"-lLLVMipa",
					"-lLLVMAnalysis",
					"-lLLVMTarget",
					"-lLLVMMC",
					"-lLLVMCore",
					"-lLLVMSupport",
					"-fPIC",
					"-fvisibility-inlines-hidden",
					"-Wl,-search_paths_first",
					"-Wl,-headerpad_max_install_names",
					"-lclangAnalysis",
					"-lclangARCMigrate",
					"-lclangAST",
					"-lclangASTMatchers",
					"-lclangBasic",
					"-lclangCodeGen",
					"-lclangDriver",
					"-lclangDynamicASTMatchers",
					"-lclangEdit",
					"-lclangFormat",
					"-lclangFrontend",
					"-lclangFrontendTool",
					"-lclangIndex",
					"-lclangLex",
					"-lclangParse",
					"-lclangRewrite",
					"-lclangRewriteFrontend",
					"-lclangSema",
					"-lclangSerialization",
					"-lclangStaticAnalyzerCheckers",
					"-lclangStaticAnalyzerCore",
					"-lclangStaticAnalyzerFrontend",
					"-lclangTooling",
					"-lclangToolingCore",
				);
				OTHER_SWIFT_FLAGS = "-DRELEASE";
				PRELINK_LIBS = "";
				PRODUCT_NAME = "$(TARGET_NAME)";
				REEXPORTED_LIBRARY_NAMES = "";
				STRIP_INSTALLED_PRODUCT = YES;
				SWIFT_OBJC_BRIDGING_HEADER = "Vist/Helper/Vist-Bridging-Header.h";
				SWIFT_OPTIMIZATION_LEVEL = "-Owholemodule";
				USER_HEADER_SEARCH_PATHS = "";
			};
			name = Release;
		};
/* End XCBuildConfiguration section */

/* Begin XCConfigurationList section */
		D41BF54F1C5CD797004A1962 /* Build configuration list for PBXNativeTarget "Tests" */ = {
			isa = XCConfigurationList;
			buildConfigurations = (
				D41BF5501C5CD797004A1962 /* Debug */,
				D41BF5511C5CD797004A1962 /* Release */,
			);
			defaultConfigurationIsVisible = 0;
			defaultConfigurationName = Release;
		};
		D47FF0751B812052003F9920 /* Build configuration list for PBXProject "Vist" */ = {
			isa = XCConfigurationList;
			buildConfigurations = (
				D47FF07F1B812052003F9920 /* Debug */,
				D47FF0801B812052003F9920 /* Release */,
			);
			defaultConfigurationIsVisible = 0;
			defaultConfigurationName = Release;
		};
		D47FF0811B812052003F9920 /* Build configuration list for PBXNativeTarget "vist" */ = {
			isa = XCConfigurationList;
			buildConfigurations = (
				D47FF0821B812052003F9920 /* Debug */,
				D47FF0831B812052003F9920 /* Release */,
			);
			defaultConfigurationIsVisible = 0;
			defaultConfigurationName = Release;
		};
/* End XCConfigurationList section */
	};
	rootObject = D47FF0721B812052003F9920 /* Project object */;
}
