// !$*UTF8*$!
{
	archiveVersion = 1;
	classes = {
	};
	objectVersion = 46;
	objects = {

/* Begin PBXBuildFile section */
		D4249F561C1AF9B200B15530 /* fn.vist in Resources */ = {isa = PBXBuildFile; fileRef = D4249F551C1AF9B200B15530 /* fn.vist */; };
		D44DB8801C3081CD00EBCD9F /* TypeProvider.swift in Sources */ = {isa = PBXBuildFile; fileRef = D44DB87F1C3081CD00EBCD9F /* TypeProvider.swift */; };
		D44DB8821C3084EE00EBCD9F /* ASTInterface.swift in Sources */ = {isa = PBXBuildFile; fileRef = D44DB8811C3084EE00EBCD9F /* ASTInterface.swift */; };
		D44DB8841C30A90200EBCD9F /* LinkAST.swift in Sources */ = {isa = PBXBuildFile; fileRef = D44DB8831C30A90200EBCD9F /* LinkAST.swift */; };
		D44FB8B01C1657E100E6DD33 /* Compile.swift in Sources */ = {isa = PBXBuildFile; fileRef = D44FB8AF1C1657E100E6DD33 /* Compile.swift */; };
		D465C6581C187639001A008C /* StackFrame.swift in Sources */ = {isa = PBXBuildFile; fileRef = D465C6571C187639001A008C /* StackFrame.swift */; };
		D46AD8831B82174E00C95574 /* Lexer.swift in Sources */ = {isa = PBXBuildFile; fileRef = D46AD8821B82174E00C95574 /* Lexer.swift */; };
		D46AD8851B82186600C95574 /* Token.swift in Sources */ = {isa = PBXBuildFile; fileRef = D46AD8841B82186600C95574 /* Token.swift */; };
		D46AD8871B8245A000C95574 /* Parser.swift in Sources */ = {isa = PBXBuildFile; fileRef = D46AD8861B8245A000C95574 /* Parser.swift */; };
		D46AD8891B8246C300C95574 /* Expression.swift in Sources */ = {isa = PBXBuildFile; fileRef = D46AD8881B8246C300C95574 /* Expression.swift */; };
		D46DA5F01C2976E8006AF1BE /* Sema.swift in Sources */ = {isa = PBXBuildFile; fileRef = D46DA5EF1C2976E8006AF1BE /* Sema.swift */; };
		D47E66591B88D9A20051D586 /* README.md in Sources */ = {isa = PBXBuildFile; fileRef = D47E66581B88D9A20051D586 /* README.md */; };
		D47FF07E1B812052003F9920 /* main.swift in Sources */ = {isa = PBXBuildFile; fileRef = D47FF07D1B812052003F9920 /* main.swift */; };
		D4851F461C2434D90009233E /* RuntimeVariable.swift in Sources */ = {isa = PBXBuildFile; fileRef = D4851F451C2434D90009233E /* RuntimeVariable.swift */; };
		D485DD281C1667E900B72F81 /* VistTest.swift in Sources */ = {isa = PBXBuildFile; fileRef = D485DD271C1667E900B72F81 /* VistTest.swift */; };
		D49410831C124B4E0029BF3D /* Print.swift in Sources */ = {isa = PBXBuildFile; fileRef = D49410821C124B4E0029BF3D /* Print.swift */; };
		D4AD08261C2DEB1200BE7D86 /* ArrayVariable.swift in Sources */ = {isa = PBXBuildFile; fileRef = D4AD08251C2DEB1200BE7D86 /* ArrayVariable.swift */; };
		D4AD08281C2DEB2D00BE7D86 /* StructVariable.swift in Sources */ = {isa = PBXBuildFile; fileRef = D4AD08271C2DEB2D00BE7D86 /* StructVariable.swift */; };
		D4B1FA061C3027E1001E7BCC /* SemaTypeCheck.swift in Sources */ = {isa = PBXBuildFile; fileRef = D4B1FA051C3027E1001E7BCC /* SemaTypeCheck.swift */; };
		D4B1FA0A1C304027001E7BCC /* SemaScope.swift in Sources */ = {isa = PBXBuildFile; fileRef = D4B1FA091C304027001E7BCC /* SemaScope.swift */; };
		D4B1FA0C1C304049001E7BCC /* TypeLowering.swift in Sources */ = {isa = PBXBuildFile; fileRef = D4B1FA0B1C304049001E7BCC /* TypeLowering.swift */; };
		D4C85BCC1BF8E00100731F34 /* IRGen.swift in Sources */ = {isa = PBXBuildFile; fileRef = D4C85BCB1BF8E00100731F34 /* IRGen.swift */; };
		D4DB9D611C1DED5C00503153 /* Link.swift in Sources */ = {isa = PBXBuildFile; fileRef = D4DB9D601C1DED5C00503153 /* Link.swift */; };
		D4DB9D631C1DF10A00503153 /* Config.swift in Sources */ = {isa = PBXBuildFile; fileRef = D4DB9D621C1DF10A00503153 /* Config.swift */; };
/* End PBXBuildFile section */

/* Begin PBXCopyFilesBuildPhase section */
		D47FF0781B812052003F9920 /* Copy Files */ = {
			isa = PBXCopyFilesBuildPhase;
			buildActionMask = 2147483647;
			dstPath = /usr/share/man/man1;
			dstSubfolderSpec = 0;
			files = (
			);
			name = "Copy Files";
			runOnlyForDeploymentPostprocessing = 1;
		};
/* End PBXCopyFilesBuildPhase section */

/* Begin PBXFileReference section */
		D4249F551C1AF9B200B15530 /* fn.vist */ = {isa = PBXFileReference; fileEncoding = 4; lastKnownFileType = text; path = fn.vist; sourceTree = "<group>"; };
		D44DB87F1C3081CD00EBCD9F /* TypeProvider.swift */ = {isa = PBXFileReference; fileEncoding = 4; lastKnownFileType = sourcecode.swift; path = TypeProvider.swift; sourceTree = "<group>"; };
		D44DB8811C3084EE00EBCD9F /* ASTInterface.swift */ = {isa = PBXFileReference; fileEncoding = 4; lastKnownFileType = sourcecode.swift; path = ASTInterface.swift; sourceTree = "<group>"; };
		D44DB8831C30A90200EBCD9F /* LinkAST.swift */ = {isa = PBXFileReference; fileEncoding = 4; lastKnownFileType = sourcecode.swift; path = LinkAST.swift; sourceTree = "<group>"; };
		D44DB8851C30ABFF00EBCD9F /* second.vist */ = {isa = PBXFileReference; lastKnownFileType = text; name = second.vist; path = RUN/second.vist; sourceTree = "<group>"; };
		D44DB8861C30B1D000EBCD9F /* third.vist */ = {isa = PBXFileReference; lastKnownFileType = text; name = third.vist; path = RUN/third.vist; sourceTree = "<group>"; };
		D44FB8AF1C1657E100E6DD33 /* Compile.swift */ = {isa = PBXFileReference; fileEncoding = 4; lastKnownFileType = sourcecode.swift; path = Compile.swift; sourceTree = "<group>"; };
		D465C6571C187639001A008C /* StackFrame.swift */ = {isa = PBXFileReference; fileEncoding = 4; lastKnownFileType = sourcecode.swift; path = StackFrame.swift; sourceTree = "<group>"; };
		D46AD87E1B81EAA400C95574 /* Vist-Bridging-Header.h */ = {isa = PBXFileReference; lastKnownFileType = sourcecode.c.h; path = "Vist-Bridging-Header.h"; sourceTree = "<group>"; };
		D46AD8821B82174E00C95574 /* Lexer.swift */ = {isa = PBXFileReference; fileEncoding = 4; lastKnownFileType = sourcecode.swift; path = Lexer.swift; sourceTree = "<group>"; };
		D46AD8841B82186600C95574 /* Token.swift */ = {isa = PBXFileReference; fileEncoding = 4; lastKnownFileType = sourcecode.swift; path = Token.swift; sourceTree = "<group>"; };
		D46AD8861B8245A000C95574 /* Parser.swift */ = {isa = PBXFileReference; fileEncoding = 4; lastKnownFileType = sourcecode.swift; path = Parser.swift; sourceTree = "<group>"; };
		D46AD8881B8246C300C95574 /* Expression.swift */ = {isa = PBXFileReference; fileEncoding = 4; lastKnownFileType = sourcecode.swift; path = Expression.swift; sourceTree = "<group>"; };
		D46DA5EF1C2976E8006AF1BE /* Sema.swift */ = {isa = PBXFileReference; fileEncoding = 4; lastKnownFileType = sourcecode.swift; name = Sema.swift; path = VistTest/Sema.swift; sourceTree = SOURCE_ROOT; };
		D47E66581B88D9A20051D586 /* README.md */ = {isa = PBXFileReference; fileEncoding = 4; lastKnownFileType = net.daringfireball.markdown; path = README.md; sourceTree = "<group>"; };
		D47FF07A1B812052003F9920 /* vist */ = {isa = PBXFileReference; explicitFileType = "compiled.mach-o.executable"; includeInIndex = 0; path = vist; sourceTree = BUILT_PRODUCTS_DIR; };
		D47FF07D1B812052003F9920 /* main.swift */ = {isa = PBXFileReference; lastKnownFileType = sourcecode.swift; path = main.swift; sourceTree = "<group>"; };
		D4851F451C2434D90009233E /* RuntimeVariable.swift */ = {isa = PBXFileReference; fileEncoding = 4; lastKnownFileType = sourcecode.swift; path = RuntimeVariable.swift; sourceTree = "<group>"; };
		D4851F491C28A0820009233E /* example_.ll */ = {isa = PBXFileReference; lastKnownFileType = sourcecode.asm.llvm; name = example_.ll; path = RUN/example_.ll; sourceTree = "<group>"; };
		D4851F4A1C28A08A0009233E /* example.s */ = {isa = PBXFileReference; lastKnownFileType = sourcecode.asm; name = example.s; path = RUN/example.s; sourceTree = "<group>"; };
		D485DD251C1667E900B72F81 /* VistTest.xctest */ = {isa = PBXFileReference; explicitFileType = wrapper.cfbundle; includeInIndex = 0; path = VistTest.xctest; sourceTree = BUILT_PRODUCTS_DIR; };
		D485DD271C1667E900B72F81 /* VistTest.swift */ = {isa = PBXFileReference; lastKnownFileType = sourcecode.swift; path = VistTest.swift; sourceTree = "<group>"; };
		D485DD291C1667E900B72F81 /* Info.plist */ = {isa = PBXFileReference; lastKnownFileType = text.plist.xml; path = Info.plist; sourceTree = "<group>"; };
		D489F3BD1C1E392D00254FFC /* example.vist */ = {isa = PBXFileReference; lastKnownFileType = text; name = example.vist; path = RUN/example.vist; sourceTree = "<group>"; };
		D489F3C01C1E396E00254FFC /* example */ = {isa = PBXFileReference; lastKnownFileType = "compiled.mach-o.executable"; name = example; path = RUN/example; sourceTree = "<group>"; };
		D489F3C11C1E397700254FFC /* helper.bc */ = {isa = PBXFileReference; lastKnownFileType = file; name = helper.bc; path = RUN/helper.bc; sourceTree = "<group>"; };
		D49410821C124B4E0029BF3D /* Print.swift */ = {isa = PBXFileReference; fileEncoding = 4; lastKnownFileType = sourcecode.swift; path = Print.swift; sourceTree = "<group>"; };
		D4AD08251C2DEB1200BE7D86 /* ArrayVariable.swift */ = {isa = PBXFileReference; fileEncoding = 4; lastKnownFileType = sourcecode.swift; path = ArrayVariable.swift; sourceTree = "<group>"; };
		D4AD08271C2DEB2D00BE7D86 /* StructVariable.swift */ = {isa = PBXFileReference; fileEncoding = 4; lastKnownFileType = sourcecode.swift; path = StructVariable.swift; sourceTree = "<group>"; };
		D4B1FA011C2E1F58001E7BCC /* TODO.md */ = {isa = PBXFileReference; lastKnownFileType = net.daringfireball.markdown; path = TODO.md; sourceTree = "<group>"; };
		D4B1FA051C3027E1001E7BCC /* SemaTypeCheck.swift */ = {isa = PBXFileReference; fileEncoding = 4; lastKnownFileType = sourcecode.swift; path = SemaTypeCheck.swift; sourceTree = "<group>"; };
		D4B1FA091C304027001E7BCC /* SemaScope.swift */ = {isa = PBXFileReference; fileEncoding = 4; lastKnownFileType = sourcecode.swift; path = SemaScope.swift; sourceTree = "<group>"; };
		D4B1FA0B1C304049001E7BCC /* TypeLowering.swift */ = {isa = PBXFileReference; fileEncoding = 4; lastKnownFileType = sourcecode.swift; path = TypeLowering.swift; sourceTree = "<group>"; };
		D4C85BCB1BF8E00100731F34 /* IRGen.swift */ = {isa = PBXFileReference; fileEncoding = 4; lastKnownFileType = sourcecode.swift; path = IRGen.swift; sourceTree = "<group>"; };
		D4DB9D5D1C1DDA1A00503153 /* helper.cpp */ = {isa = PBXFileReference; lastKnownFileType = sourcecode.cpp.cpp; name = helper.cpp; path = RUN/helper.cpp; sourceTree = SOURCE_ROOT; };
		D4DB9D601C1DED5C00503153 /* Link.swift */ = {isa = PBXFileReference; fileEncoding = 4; lastKnownFileType = sourcecode.swift; path = Link.swift; sourceTree = "<group>"; };
		D4DB9D621C1DF10A00503153 /* Config.swift */ = {isa = PBXFileReference; fileEncoding = 4; lastKnownFileType = sourcecode.swift; path = Config.swift; sourceTree = "<group>"; };
		D4DB9D661C1DFFB300503153 /* example.ll */ = {isa = PBXFileReference; fileEncoding = 4; lastKnownFileType = sourcecode.asm.llvm; name = example.ll; path = RUN/example.ll; sourceTree = "<group>"; };
		D4DB9D681C1DFFCC00503153 /* helper.ll */ = {isa = PBXFileReference; lastKnownFileType = sourcecode.asm.llvm; name = helper.ll; path = RUN/helper.ll; sourceTree = "<group>"; };
/* End PBXFileReference section */

/* Begin PBXFrameworksBuildPhase section */
		D47FF0771B812052003F9920 /* Frameworks */ = {
			isa = PBXFrameworksBuildPhase;
			buildActionMask = 2147483647;
			files = (
			);
			runOnlyForDeploymentPostprocessing = 0;
		};
		D485DD221C1667E900B72F81 /* Frameworks */ = {
			isa = PBXFrameworksBuildPhase;
			buildActionMask = 2147483647;
			files = (
			);
			runOnlyForDeploymentPostprocessing = 0;
		};
/* End PBXFrameworksBuildPhase section */

/* Begin PBXGroup section */
		D44DB8881C316DA500EBCD9F /* Runtime */ = {
			isa = PBXGroup;
			children = (
			);
			name = Runtime;
			sourceTree = "<group>";
		};
		D44DB8891C316DB400EBCD9F /* StdLib */ = {
			isa = PBXGroup;
			children = (
			);
			name = StdLib;
			sourceTree = "<group>";
		};
		D46DA5F31C297AB9006AF1BE /* AST */ = {
			isa = PBXGroup;
			children = (
				D46AD8881B8246C300C95574 /* Expression.swift */,
				D46AD8861B8245A000C95574 /* Parser.swift */,
			);
			name = AST;
			sourceTree = "<group>";
		};
		D46DA5F41C297AC5006AF1BE /* Lexer */ = {
			isa = PBXGroup;
			children = (
				D46AD8841B82186600C95574 /* Token.swift */,
				D46AD8821B82174E00C95574 /* Lexer.swift */,
			);
			name = Lexer;
			sourceTree = "<group>";
		};
		D46DA5F51C297ADA006AF1BE /* IR */ = {
			isa = PBXGroup;
			children = (
				D4C85BCB1BF8E00100731F34 /* IRGen.swift */,
				D465C6571C187639001A008C /* StackFrame.swift */,
				D4AD08251C2DEB1200BE7D86 /* ArrayVariable.swift */,
				D4AD08271C2DEB2D00BE7D86 /* StructVariable.swift */,
				D4851F451C2434D90009233E /* RuntimeVariable.swift */,
			);
			name = IR;
			sourceTree = "<group>";
		};
		D46DA5F61C297AED006AF1BE /* Helper */ = {
			isa = PBXGroup;
			children = (
				D4DB9D601C1DED5C00503153 /* Link.swift */,
				D4DB9D621C1DF10A00503153 /* Config.swift */,
				D49410821C124B4E0029BF3D /* Print.swift */,
				D46AD87E1B81EAA400C95574 /* Vist-Bridging-Header.h */,
			);
			name = Helper;
			sourceTree = "<group>";
		};
		D47FF0711B812052003F9920 = {
			isa = PBXGroup;
			children = (
				D4DB9D641C1DFB8700503153 /* Source */,
				D4DB9D651C1DFF9B00503153 /* Compile pipeline */,
				D47E66581B88D9A20051D586 /* README.md */,
				D4B1FA011C2E1F58001E7BCC /* TODO.md */,
				D47FF07C1B812052003F9920 /* Vist */,
				D485DD261C1667E900B72F81 /* VistTest */,
				D47FF07B1B812052003F9920 /* Products */,
			);
			sourceTree = "<group>";
		};
		D47FF07B1B812052003F9920 /* Products */ = {
			isa = PBXGroup;
			children = (
				D47FF07A1B812052003F9920 /* vist */,
				D485DD251C1667E900B72F81 /* VistTest.xctest */,
			);
			name = Products;
			sourceTree = "<group>";
		};
		D47FF07C1B812052003F9920 /* Vist */ = {
			isa = PBXGroup;
			children = (
				D47FF07D1B812052003F9920 /* main.swift */,
				D44FB8AF1C1657E100E6DD33 /* Compile.swift */,
				D46DA5F41C297AC5006AF1BE /* Lexer */,
				D46DA5F31C297AB9006AF1BE /* AST */,
				D4B1FA041C300AA8001E7BCC /* Sema */,
				D46DA5F51C297ADA006AF1BE /* IR */,
				D44DB8881C316DA500EBCD9F /* Runtime */,
				D44DB8891C316DB400EBCD9F /* StdLib */,
				D46DA5F61C297AED006AF1BE /* Helper */,
			);
			path = Vist;
			sourceTree = "<group>";
		};
		D485DD261C1667E900B72F81 /* VistTest */ = {
			isa = PBXGroup;
			children = (
				D485DD271C1667E900B72F81 /* VistTest.swift */,
				D4249F551C1AF9B200B15530 /* fn.vist */,
				D485DD291C1667E900B72F81 /* Info.plist */,
			);
			path = VistTest;
			sourceTree = "<group>";
		};
		D4B1FA041C300AA8001E7BCC /* Sema */ = {
			isa = PBXGroup;
			children = (
				D46DA5EF1C2976E8006AF1BE /* Sema.swift */,
				D4B1FA091C304027001E7BCC /* SemaScope.swift */,
				D4B1FA0B1C304049001E7BCC /* TypeLowering.swift */,
				D4B1FA051C3027E1001E7BCC /* SemaTypeCheck.swift */,
				D44DB87F1C3081CD00EBCD9F /* TypeProvider.swift */,
				D44DB8811C3084EE00EBCD9F /* ASTInterface.swift */,
				D44DB8831C30A90200EBCD9F /* LinkAST.swift */,
			);
			name = Sema;
			sourceTree = "<group>";
		};
		D4DB9D641C1DFB8700503153 /* Source */ = {
			isa = PBXGroup;
			children = (
				D4DB9D5D1C1DDA1A00503153 /* helper.cpp */,
				D489F3BD1C1E392D00254FFC /* example.vist */,
				D44DB8851C30ABFF00EBCD9F /* second.vist */,
				D44DB8861C30B1D000EBCD9F /* third.vist */,
			);
			name = Source;
			sourceTree = "<group>";
		};
		D4DB9D651C1DFF9B00503153 /* Compile pipeline */ = {
			isa = PBXGroup;
			children = (
				D4DB9D681C1DFFCC00503153 /* helper.ll */,
				D489F3C11C1E397700254FFC /* helper.bc */,
				D4851F491C28A0820009233E /* example_.ll */,
				D4DB9D661C1DFFB300503153 /* example.ll */,
				D4851F4A1C28A08A0009233E /* example.s */,
				D489F3C01C1E396E00254FFC /* example */,
			);
			name = "Compile pipeline";
			sourceTree = "<group>";
		};
/* End PBXGroup section */

/* Begin PBXNativeTarget section */
		D47FF0791B812052003F9920 /* vist */ = {
			isa = PBXNativeTarget;
			buildConfigurationList = D47FF0811B812052003F9920 /* Build configuration list for PBXNativeTarget "vist" */;
			buildPhases = (
				D47FF0761B812052003F9920 /* Sources */,
				D47FF0771B812052003F9920 /* Frameworks */,
				D47FF0781B812052003F9920 /* Copy Files */,
			);
			buildRules = (
			);
			dependencies = (
			);
			name = vist;
			productName = Vist;
			productReference = D47FF07A1B812052003F9920 /* vist */;
			productType = "com.apple.product-type.tool";
		};
		D485DD241C1667E900B72F81 /* VistTest */ = {
			isa = PBXNativeTarget;
			buildConfigurationList = D485DD2C1C1667E900B72F81 /* Build configuration list for PBXNativeTarget "VistTest" */;
			buildPhases = (
				D485DD211C1667E900B72F81 /* Sources */,
				D485DD221C1667E900B72F81 /* Frameworks */,
				D485DD231C1667E900B72F81 /* Resources */,
			);
			buildRules = (
			);
			dependencies = (
			);
			name = VistTest;
			productName = VistTest;
			productReference = D485DD251C1667E900B72F81 /* VistTest.xctest */;
			productType = "com.apple.product-type.bundle.unit-test";
		};
/* End PBXNativeTarget section */

/* Begin PBXProject section */
		D47FF0721B812052003F9920 /* Project object */ = {
			isa = PBXProject;
			attributes = {
				LastSwiftUpdateCheck = 0710;
				LastUpgradeCheck = 0700;
				ORGANIZATIONNAME = vistlang;
				TargetAttributes = {
					D47FF0791B812052003F9920 = {
						CreatedOnToolsVersion = 7.0;
					};
					D485DD241C1667E900B72F81 = {
						CreatedOnToolsVersion = 7.1.1;
					};
				};
			};
			buildConfigurationList = D47FF0751B812052003F9920 /* Build configuration list for PBXProject "Vist" */;
			compatibilityVersion = "Xcode 3.2";
			developmentRegion = English;
			hasScannedForEncodings = 0;
			knownRegions = (
				en,
			);
			mainGroup = D47FF0711B812052003F9920;
			productRefGroup = D47FF07B1B812052003F9920 /* Products */;
			projectDirPath = "";
			projectRoot = "";
			targets = (
				D47FF0791B812052003F9920 /* vist */,
				D485DD241C1667E900B72F81 /* VistTest */,
			);
		};
/* End PBXProject section */

/* Begin PBXResourcesBuildPhase section */
		D485DD231C1667E900B72F81 /* Resources */ = {
			isa = PBXResourcesBuildPhase;
			buildActionMask = 2147483647;
			files = (
				D4249F561C1AF9B200B15530 /* fn.vist in Resources */,
			);
			runOnlyForDeploymentPostprocessing = 0;
		};
/* End PBXResourcesBuildPhase section */

/* Begin PBXSourcesBuildPhase section */
		D47FF0761B812052003F9920 /* Sources */ = {
			isa = PBXSourcesBuildPhase;
			buildActionMask = 2147483647;
			files = (
				D4B1FA0C1C304049001E7BCC /* TypeLowering.swift in Sources */,
				D46AD8891B8246C300C95574 /* Expression.swift in Sources */,
				D4B1FA0A1C304027001E7BCC /* SemaScope.swift in Sources */,
				D4DB9D611C1DED5C00503153 /* Link.swift in Sources */,
				D47FF07E1B812052003F9920 /* main.swift in Sources */,
				D44DB8841C30A90200EBCD9F /* LinkAST.swift in Sources */,
				D4AD08261C2DEB1200BE7D86 /* ArrayVariable.swift in Sources */,
				D46DA5F01C2976E8006AF1BE /* Sema.swift in Sources */,
				D46AD8831B82174E00C95574 /* Lexer.swift in Sources */,
				D49410831C124B4E0029BF3D /* Print.swift in Sources */,
				D44DB8821C3084EE00EBCD9F /* ASTInterface.swift in Sources */,
				D46AD8871B8245A000C95574 /* Parser.swift in Sources */,
				D4B1FA061C3027E1001E7BCC /* SemaTypeCheck.swift in Sources */,
				D4AD08281C2DEB2D00BE7D86 /* StructVariable.swift in Sources */,
				D47E66591B88D9A20051D586 /* README.md in Sources */,
				D4C85BCC1BF8E00100731F34 /* IRGen.swift in Sources */,
				D4851F461C2434D90009233E /* RuntimeVariable.swift in Sources */,
				D44FB8B01C1657E100E6DD33 /* Compile.swift in Sources */,
				D465C6581C187639001A008C /* StackFrame.swift in Sources */,
				D4DB9D631C1DF10A00503153 /* Config.swift in Sources */,
				D44DB8801C3081CD00EBCD9F /* TypeProvider.swift in Sources */,
				D46AD8851B82186600C95574 /* Token.swift in Sources */,
			);
			runOnlyForDeploymentPostprocessing = 0;
		};
		D485DD211C1667E900B72F81 /* Sources */ = {
			isa = PBXSourcesBuildPhase;
			buildActionMask = 2147483647;
			files = (
				D485DD281C1667E900B72F81 /* VistTest.swift in Sources */,
			);
			runOnlyForDeploymentPostprocessing = 0;
		};
/* End PBXSourcesBuildPhase section */

/* Begin XCBuildConfiguration section */
		D47FF07F1B812052003F9920 /* Debug */ = {
			isa = XCBuildConfiguration;
			buildSettings = {
				ALWAYS_SEARCH_USER_PATHS = NO;
				CLANG_CXX_LANGUAGE_STANDARD = "gnu++0x";
				CLANG_CXX_LIBRARY = "libc++";
				CLANG_ENABLE_MODULES = YES;
				CLANG_ENABLE_OBJC_ARC = YES;
				CLANG_WARN_BOOL_CONVERSION = YES;
				CLANG_WARN_CONSTANT_CONVERSION = YES;
				CLANG_WARN_DIRECT_OBJC_ISA_USAGE = YES_ERROR;
				CLANG_WARN_EMPTY_BODY = YES;
				CLANG_WARN_ENUM_CONVERSION = YES;
				CLANG_WARN_INT_CONVERSION = YES;
				CLANG_WARN_OBJC_ROOT_CLASS = YES_ERROR;
				CLANG_WARN_UNREACHABLE_CODE = YES;
				CLANG_WARN__DUPLICATE_METHOD_MATCH = YES;
				COPY_PHASE_STRIP = NO;
				DEBUG_INFORMATION_FORMAT = dwarf;
				ENABLE_STRICT_OBJC_MSGSEND = YES;
				ENABLE_TESTABILITY = YES;
				GCC_C_LANGUAGE_STANDARD = gnu99;
				GCC_DYNAMIC_NO_PIC = NO;
				GCC_NO_COMMON_BLOCKS = YES;
				GCC_OPTIMIZATION_LEVEL = 0;
				GCC_PREPROCESSOR_DEFINITIONS = (
					"DEBUG=1",
					"$(inherited)",
				);
				GCC_WARN_64_TO_32_BIT_CONVERSION = YES;
				GCC_WARN_ABOUT_RETURN_TYPE = YES_ERROR;
				GCC_WARN_UNDECLARED_SELECTOR = YES;
				GCC_WARN_UNINITIALIZED_AUTOS = YES_AGGRESSIVE;
				GCC_WARN_UNUSED_FUNCTION = YES;
				GCC_WARN_UNUSED_VARIABLE = YES;
				MACOSX_DEPLOYMENT_TARGET = 10.11;
				MTL_ENABLE_DEBUG_INFO = YES;
				ONLY_ACTIVE_ARCH = YES;
				SDKROOT = macosx;
				SWIFT_OPTIMIZATION_LEVEL = "-Onone";
			};
			name = Debug;
		};
		D47FF0801B812052003F9920 /* Release */ = {
			isa = XCBuildConfiguration;
			buildSettings = {
				ALWAYS_SEARCH_USER_PATHS = NO;
				CLANG_CXX_LANGUAGE_STANDARD = "gnu++0x";
				CLANG_CXX_LIBRARY = "libc++";
				CLANG_ENABLE_MODULES = YES;
				CLANG_ENABLE_OBJC_ARC = YES;
				CLANG_WARN_BOOL_CONVERSION = YES;
				CLANG_WARN_CONSTANT_CONVERSION = YES;
				CLANG_WARN_DIRECT_OBJC_ISA_USAGE = YES_ERROR;
				CLANG_WARN_EMPTY_BODY = YES;
				CLANG_WARN_ENUM_CONVERSION = YES;
				CLANG_WARN_INT_CONVERSION = YES;
				CLANG_WARN_OBJC_ROOT_CLASS = YES_ERROR;
				CLANG_WARN_UNREACHABLE_CODE = YES;
				CLANG_WARN__DUPLICATE_METHOD_MATCH = YES;
				COPY_PHASE_STRIP = NO;
				DEBUG_INFORMATION_FORMAT = "dwarf-with-dsym";
				ENABLE_NS_ASSERTIONS = NO;
				ENABLE_STRICT_OBJC_MSGSEND = YES;
				GCC_C_LANGUAGE_STANDARD = gnu99;
				GCC_NO_COMMON_BLOCKS = YES;
				GCC_WARN_64_TO_32_BIT_CONVERSION = YES;
				GCC_WARN_ABOUT_RETURN_TYPE = YES_ERROR;
				GCC_WARN_UNDECLARED_SELECTOR = YES;
				GCC_WARN_UNINITIALIZED_AUTOS = YES_AGGRESSIVE;
				GCC_WARN_UNUSED_FUNCTION = YES;
				GCC_WARN_UNUSED_VARIABLE = YES;
				MACOSX_DEPLOYMENT_TARGET = 10.11;
				MTL_ENABLE_DEBUG_INFO = NO;
				SDKROOT = macosx;
			};
			name = Release;
		};
		D47FF0821B812052003F9920 /* Debug */ = {
			isa = XCBuildConfiguration;
			buildSettings = {
				CLANG_ENABLE_MODULES = YES;
				DEFINES_MODULE = NO;
				EMBEDDED_CONTENT_CONTAINS_SWIFT = NO;
				GCC_PREPROCESSOR_DEFINITIONS = (
					__STDC_CONSTANT_MACROS,
					__STDC_LIMIT_MACROS,
					__STDC_FORMAT_MACROS,
				);
				HEADER_SEARCH_PATHS = /usr/local/opt/llvm/include;
				"LD_MAP_FILE_PATH[arch=*]" = "$(TARGET_TEMP_DIR)/$(PRODUCT_NAME)-LinkMap-$(CURRENT_VARIANT)-$(CURRENT_ARCH).txt";
				LD_RUNPATH_SEARCH_PATHS = "$(inherited) @executable_path/../Frameworks @loader_path/../Frameworks";
				LIBRARY_SEARCH_PATHS = /usr/local/opt/llvm/lib;
				OTHER_LDFLAGS = (
					"-lLLVMInterpreter",
					"-lLLVMExecutionEngine",
					"-lLLVMRuntimeDyld",
					"-lLLVMObject",
					"-lLLVMCore",
					"-lLLVMMCParser",
					"-lLLVMCodeGen",
					"-lLLVMTarget",
					"-lLLVMScalarOpts",
					"-lLLVMInstCombine",
					"-lLLVMInstrumentation",
					"-lLLVMTransformUtils",
					"-lLLVMMC",
					"-lLLVMBitWriter",
					"-lLLVMBitReader",
					"-lLLVMAnalysis",
					"-lLLVMSupport",
					"-lc++",
					"-lcurses",
					"-lLLVMLinker",
				);
				PRELINK_LIBS = "";
				PRODUCT_NAME = "$(TARGET_NAME)";
				REEXPORTED_LIBRARY_NAMES = "";
				SWIFT_OBJC_BRIDGING_HEADER = "Vist/Vist-Bridging-Header.h";
				SWIFT_OPTIMIZATION_LEVEL = "-Onone";
				USER_HEADER_SEARCH_PATHS = "";
			};
			name = Debug;
		};
		D47FF0831B812052003F9920 /* Release */ = {
			isa = XCBuildConfiguration;
			buildSettings = {
				CLANG_ENABLE_MODULES = YES;
				DEFINES_MODULE = NO;
				EMBEDDED_CONTENT_CONTAINS_SWIFT = NO;
				GCC_PREPROCESSOR_DEFINITIONS = (
					__STDC_CONSTANT_MACROS,
					__STDC_LIMIT_MACROS,
					__STDC_FORMAT_MACROS,
				);
				HEADER_SEARCH_PATHS = /usr/local/opt/llvm/include;
				LD_RUNPATH_SEARCH_PATHS = "$(inherited) @executable_path/../Frameworks @loader_path/../Frameworks";
				LIBRARY_SEARCH_PATHS = /usr/local/opt/llvm/lib;
				OTHER_LDFLAGS = (
					"-lLLVMInterpreter",
					"-lLLVMExecutionEngine",
					"-lLLVMRuntimeDyld",
					"-lLLVMObject",
					"-lLLVMCore",
					"-lLLVMMCParser",
					"-lLLVMCodeGen",
					"-lLLVMTarget",
					"-lLLVMScalarOpts",
					"-lLLVMInstCombine",
					"-lLLVMInstrumentation",
					"-lLLVMTransformUtils",
					"-lLLVMMC",
					"-lLLVMBitWriter",
					"-lLLVMBitReader",
					"-lLLVMAnalysis",
					"-lLLVMSupport",
					"-lc++",
					"-lcurses",
					"-lLLVMLinker",
				);
				PRELINK_LIBS = "";
				PRODUCT_NAME = "$(TARGET_NAME)";
				REEXPORTED_LIBRARY_NAMES = "";
				SWIFT_OBJC_BRIDGING_HEADER = "Vist/Vist-Bridging-Header.h";
				SWIFT_OPTIMIZATION_LEVEL = "-Owholemodule";
				USER_HEADER_SEARCH_PATHS = "";
			};
			name = Release;
		};
		D485DD2A1C1667E900B72F81 /* Debug */ = {
			isa = XCBuildConfiguration;
			buildSettings = {
				CODE_SIGN_IDENTITY = "-";
				COMBINE_HIDPI_IMAGES = YES;
				INFOPLIST_FILE = VistTest/Info.plist;
				LD_RUNPATH_SEARCH_PATHS = "$(inherited) @executable_path/../Frameworks @loader_path/../Frameworks";
				PRODUCT_BUNDLE_IDENTIFIER = "com.Josef-Willsher.VistTest";
				PRODUCT_NAME = "$(TARGET_NAME)";
			};
			name = Debug;
		};
		D485DD2B1C1667E900B72F81 /* Release */ = {
			isa = XCBuildConfiguration;
			buildSettings = {
				CODE_SIGN_IDENTITY = "-";
				COMBINE_HIDPI_IMAGES = YES;
				INFOPLIST_FILE = VistTest/Info.plist;
				LD_RUNPATH_SEARCH_PATHS = "$(inherited) @executable_path/../Frameworks @loader_path/../Frameworks";
				PRODUCT_BUNDLE_IDENTIFIER = "com.Josef-Willsher.VistTest";
				PRODUCT_NAME = "$(TARGET_NAME)";
			};
			name = Release;
		};
/* End XCBuildConfiguration section */

/* Begin XCConfigurationList section */
		D47FF0751B812052003F9920 /* Build configuration list for PBXProject "Vist" */ = {
			isa = XCConfigurationList;
			buildConfigurations = (
				D47FF07F1B812052003F9920 /* Debug */,
				D47FF0801B812052003F9920 /* Release */,
			);
			defaultConfigurationIsVisible = 0;
			defaultConfigurationName = Release;
		};
		D47FF0811B812052003F9920 /* Build configuration list for PBXNativeTarget "vist" */ = {
			isa = XCConfigurationList;
			buildConfigurations = (
				D47FF0821B812052003F9920 /* Debug */,
				D47FF0831B812052003F9920 /* Release */,
			);
			defaultConfigurationIsVisible = 0;
			defaultConfigurationName = Release;
		};
		D485DD2C1C1667E900B72F81 /* Build configuration list for PBXNativeTarget "VistTest" */ = {
			isa = XCConfigurationList;
			buildConfigurations = (
				D485DD2A1C1667E900B72F81 /* Debug */,
				D485DD2B1C1667E900B72F81 /* Release */,
			);
			defaultConfigurationIsVisible = 0;
			defaultConfigurationName = Release;
		};
/* End XCConfigurationList section */
	};
	rootObject = D47FF0721B812052003F9920 /* Project object */;
}
